
Microsoft Visual Studio Solution File, Format Version 10.00
# Visual Studio 2008
Project("{8BC9CEB8-8B4A-11D0-8D11-00A0C91BC942}") = "libclamav", "libclamav.vcproj", "{3AD5B16C-340A-40AC-96AD-6017B941A316}"
	ProjectSection(ProjectDependencies) = postProject
		{F5DF01F6-8CB6-4C27-8DA8-2379323B31E7} = {F5DF01F6-8CB6-4C27-8DA8-2379323B31E7}
	EndProjectSection
EndProject
Project("{8BC9CEB8-8B4A-11D0-8D11-00A0C91BC942}") = "clamscan", "clamscan.vcproj", "{F79E7CA7-E49D-479E-8D68-0EA9CB585575}"
	ProjectSection(ProjectDependencies) = postProject
		{3AD5B16C-340A-40AC-96AD-6017B941A316} = {3AD5B16C-340A-40AC-96AD-6017B941A316}
	EndProjectSection
EndProject
Project("{8BC9CEB8-8B4A-11D0-8D11-00A0C91BC942}") = "libclamunrar_iface", "libclamunrar_iface.vcproj", "{3E9C718E-7670-4E33-9D94-C4E9ABE49F81}"
	ProjectSection(ProjectDependencies) = postProject
		{41B2E193-92E3-429C-8DAC-9B287E3D7182} = {41B2E193-92E3-429C-8DAC-9B287E3D7182}
	EndProjectSection
EndProject
Project("{8BC9CEB8-8B4A-11D0-8D11-00A0C91BC942}") = "libclamunrar", "libclamunrar.vcproj", "{41B2E193-92E3-429C-8DAC-9B287E3D7182}"
EndProject
Project("{8BC9CEB8-8B4A-11D0-8D11-00A0C91BC942}") = "freshclam", "freshclam.vcproj", "{CEA52DD8-0418-42AD-B640-F33CC7C600CE}"
	ProjectSection(ProjectDependencies) = postProject
		{3AD5B16C-340A-40AC-96AD-6017B941A316} = {3AD5B16C-340A-40AC-96AD-6017B941A316}
	EndProjectSection
EndProject
Project("{8BC9CEB8-8B4A-11D0-8D11-00A0C91BC942}") = "clamconf", "clamconf.vcproj", "{DEABE3C7-6F4D-4221-8EEE-AD19C8261273}"
	ProjectSection(ProjectDependencies) = postProject
		{3AD5B16C-340A-40AC-96AD-6017B941A316} = {3AD5B16C-340A-40AC-96AD-6017B941A316}
	EndProjectSection
EndProject
Project("{8BC9CEB8-8B4A-11D0-8D11-00A0C91BC942}") = "clambc", "clambc.vcproj", "{81AF8E63-81A8-4748-84E7-72DA558906B6}"
EndProject
Project("{8BC9CEB8-8B4A-11D0-8D11-00A0C91BC942}") = "libclamavcxx", "libclamavcxx.vcproj", "{F5DF01F6-8CB6-4C27-8DA8-2379323B31E7}"
	ProjectSection(ProjectDependencies) = postProject
		{7472FD2F-DDE7-44B1-91FB-65C0BE81932B} = {7472FD2F-DDE7-44B1-91FB-65C0BE81932B}
		{28710655-9C06-4803-8752-55A99115773F} = {28710655-9C06-4803-8752-55A99115773F}
		{B174EBB8-99AE-4371-9A54-79DC309730DA} = {B174EBB8-99AE-4371-9A54-79DC309730DA}
		{6D7B62E9-883D-406C-B6F8-1636D3962772} = {6D7B62E9-883D-406C-B6F8-1636D3962772}
	EndProjectSection
EndProject
Project("{8BC9CEB8-8B4A-11D0-8D11-00A0C91BC942}") = "LLVMsystem", "LLVMsystem.vcproj", "{B174EBB8-99AE-4371-9A54-79DC309730DA}"
EndProject
Project("{8BC9CEB8-8B4A-11D0-8D11-00A0C91BC942}") = "LLVMx86codegen", "LLVMx86codegen.vcproj", "{28710655-9C06-4803-8752-55A99115773F}"
EndProject
Project("{8BC9CEB8-8B4A-11D0-8D11-00A0C91BC942}") = "LLVMjit", "LLVMjit.vcproj", "{6D7B62E9-883D-406C-B6F8-1636D3962772}"
EndProject
Project("{8BC9CEB8-8B4A-11D0-8D11-00A0C91BC942}") = "LLVMcodegen", "LLVMcodegen.vcproj", "{7472FD2F-DDE7-44B1-91FB-65C0BE81932B}"
EndProject
Project("{8BC9CEB8-8B4A-11D0-8D11-00A0C91BC942}") = "clamd", "clamd.vcproj", "{B3CA73CF-E71E-42F3-95DE-43797A86C798}"
	ProjectSection(ProjectDependencies) = postProject
		{3AD5B16C-340A-40AC-96AD-6017B941A316} = {3AD5B16C-340A-40AC-96AD-6017B941A316}
	EndProjectSection
EndProject
Project("{8BC9CEB8-8B4A-11D0-8D11-00A0C91BC942}") = "clamdscan", "clamdscan.vcproj", "{9571E1BE-DDDA-47CB-8675-238D405FCADA}"
	ProjectSection(ProjectDependencies) = postProject
		{3AD5B16C-340A-40AC-96AD-6017B941A316} = {3AD5B16C-340A-40AC-96AD-6017B941A316}
	EndProjectSection
EndProject
Project("{8BC9CEB8-8B4A-11D0-8D11-00A0C91BC942}") = "sigtool", "sigtool.vcproj", "{38B89BC0-6C00-4ABB-A179-24FEE81D1890}"
	ProjectSection(ProjectDependencies) = postProject
		{3AD5B16C-340A-40AC-96AD-6017B941A316} = {3AD5B16C-340A-40AC-96AD-6017B941A316}
	EndProjectSection
EndProject
Global
	GlobalSection(SolutionConfigurationPlatforms) = preSolution
		Debug|Win32 = Debug|Win32
		Debug|x64 = Debug|x64
		Release|Win32 = Release|Win32
		Release|x64 = Release|x64
	EndGlobalSection
	GlobalSection(ProjectConfigurationPlatforms) = postSolution
		{3AD5B16C-340A-40AC-96AD-6017B941A316}.Debug|Win32.ActiveCfg = Debug|Win32
		{3AD5B16C-340A-40AC-96AD-6017B941A316}.Debug|Win32.Build.0 = Debug|Win32
		{3AD5B16C-340A-40AC-96AD-6017B941A316}.Debug|x64.ActiveCfg = Debug|x64
		{3AD5B16C-340A-40AC-96AD-6017B941A316}.Debug|x64.Build.0 = Debug|x64
		{3AD5B16C-340A-40AC-96AD-6017B941A316}.Release|Win32.ActiveCfg = Release|Win32
		{3AD5B16C-340A-40AC-96AD-6017B941A316}.Release|Win32.Build.0 = Release|Win32
		{3AD5B16C-340A-40AC-96AD-6017B941A316}.Release|x64.ActiveCfg = Release|x64
		{3AD5B16C-340A-40AC-96AD-6017B941A316}.Release|x64.Build.0 = Release|x64
		{F79E7CA7-E49D-479E-8D68-0EA9CB585575}.Debug|Win32.ActiveCfg = Debug|Win32
		{F79E7CA7-E49D-479E-8D68-0EA9CB585575}.Debug|Win32.Build.0 = Debug|Win32
		{F79E7CA7-E49D-479E-8D68-0EA9CB585575}.Debug|x64.ActiveCfg = Debug|x64
		{F79E7CA7-E49D-479E-8D68-0EA9CB585575}.Debug|x64.Build.0 = Debug|x64
		{F79E7CA7-E49D-479E-8D68-0EA9CB585575}.Release|Win32.ActiveCfg = Release|Win32
		{F79E7CA7-E49D-479E-8D68-0EA9CB585575}.Release|Win32.Build.0 = Release|Win32
		{F79E7CA7-E49D-479E-8D68-0EA9CB585575}.Release|x64.ActiveCfg = Release|x64
		{F79E7CA7-E49D-479E-8D68-0EA9CB585575}.Release|x64.Build.0 = Release|x64
		{3E9C718E-7670-4E33-9D94-C4E9ABE49F81}.Debug|Win32.ActiveCfg = Debug|Win32
		{3E9C718E-7670-4E33-9D94-C4E9ABE49F81}.Debug|Win32.Build.0 = Debug|Win32
		{3E9C718E-7670-4E33-9D94-C4E9ABE49F81}.Debug|x64.ActiveCfg = Debug|x64
		{3E9C718E-7670-4E33-9D94-C4E9ABE49F81}.Debug|x64.Build.0 = Debug|x64
		{3E9C718E-7670-4E33-9D94-C4E9ABE49F81}.Release|Win32.ActiveCfg = Release|Win32
		{3E9C718E-7670-4E33-9D94-C4E9ABE49F81}.Release|Win32.Build.0 = Release|Win32
		{3E9C718E-7670-4E33-9D94-C4E9ABE49F81}.Release|x64.ActiveCfg = Release|x64
		{3E9C718E-7670-4E33-9D94-C4E9ABE49F81}.Release|x64.Build.0 = Release|x64
		{41B2E193-92E3-429C-8DAC-9B287E3D7182}.Debug|Win32.ActiveCfg = Debug|Win32
		{41B2E193-92E3-429C-8DAC-9B287E3D7182}.Debug|Win32.Build.0 = Debug|Win32
		{41B2E193-92E3-429C-8DAC-9B287E3D7182}.Debug|x64.ActiveCfg = Debug|x64
		{41B2E193-92E3-429C-8DAC-9B287E3D7182}.Debug|x64.Build.0 = Debug|x64
		{41B2E193-92E3-429C-8DAC-9B287E3D7182}.Release|Win32.ActiveCfg = Release|Win32
		{41B2E193-92E3-429C-8DAC-9B287E3D7182}.Release|Win32.Build.0 = Release|Win32
		{41B2E193-92E3-429C-8DAC-9B287E3D7182}.Release|x64.ActiveCfg = Release|x64
		{41B2E193-92E3-429C-8DAC-9B287E3D7182}.Release|x64.Build.0 = Release|x64
		{CEA52DD8-0418-42AD-B640-F33CC7C600CE}.Debug|Win32.ActiveCfg = Debug|Win32
		{CEA52DD8-0418-42AD-B640-F33CC7C600CE}.Debug|Win32.Build.0 = Debug|Win32
		{CEA52DD8-0418-42AD-B640-F33CC7C600CE}.Debug|x64.ActiveCfg = Debug|x64
		{CEA52DD8-0418-42AD-B640-F33CC7C600CE}.Debug|x64.Build.0 = Debug|x64
		{CEA52DD8-0418-42AD-B640-F33CC7C600CE}.Release|Win32.ActiveCfg = Release|Win32
		{CEA52DD8-0418-42AD-B640-F33CC7C600CE}.Release|Win32.Build.0 = Release|Win32
		{CEA52DD8-0418-42AD-B640-F33CC7C600CE}.Release|x64.ActiveCfg = Release|x64
		{CEA52DD8-0418-42AD-B640-F33CC7C600CE}.Release|x64.Build.0 = Release|x64
		{DEABE3C7-6F4D-4221-8EEE-AD19C8261273}.Debug|Win32.ActiveCfg = Debug|Win32
		{DEABE3C7-6F4D-4221-8EEE-AD19C8261273}.Debug|Win32.Build.0 = Debug|Win32
		{DEABE3C7-6F4D-4221-8EEE-AD19C8261273}.Debug|x64.ActiveCfg = Debug|x64
		{DEABE3C7-6F4D-4221-8EEE-AD19C8261273}.Debug|x64.Build.0 = Debug|x64
		{DEABE3C7-6F4D-4221-8EEE-AD19C8261273}.Release|Win32.ActiveCfg = Release|Win32
		{DEABE3C7-6F4D-4221-8EEE-AD19C8261273}.Release|Win32.Build.0 = Release|Win32
		{DEABE3C7-6F4D-4221-8EEE-AD19C8261273}.Release|x64.ActiveCfg = Release|x64
		{DEABE3C7-6F4D-4221-8EEE-AD19C8261273}.Release|x64.Build.0 = Release|x64
		{81AF8E63-81A8-4748-84E7-72DA558906B6}.Debug|Win32.ActiveCfg = Debug|Win32
		{81AF8E63-81A8-4748-84E7-72DA558906B6}.Debug|Win32.Build.0 = Debug|Win32
		{81AF8E63-81A8-4748-84E7-72DA558906B6}.Debug|x64.ActiveCfg = Debug|x64
		{81AF8E63-81A8-4748-84E7-72DA558906B6}.Debug|x64.Build.0 = Debug|x64
		{81AF8E63-81A8-4748-84E7-72DA558906B6}.Release|Win32.ActiveCfg = Release|Win32
		{81AF8E63-81A8-4748-84E7-72DA558906B6}.Release|Win32.Build.0 = Release|Win32
		{81AF8E63-81A8-4748-84E7-72DA558906B6}.Release|x64.ActiveCfg = Release|x64
		{81AF8E63-81A8-4748-84E7-72DA558906B6}.Release|x64.Build.0 = Release|x64
		{F5DF01F6-8CB6-4C27-8DA8-2379323B31E7}.Debug|Win32.ActiveCfg = Debug|Win32
		{F5DF01F6-8CB6-4C27-8DA8-2379323B31E7}.Debug|Win32.Build.0 = Debug|Win32
		{F5DF01F6-8CB6-4C27-8DA8-2379323B31E7}.Debug|x64.ActiveCfg = Debug|x64
		{F5DF01F6-8CB6-4C27-8DA8-2379323B31E7}.Debug|x64.Build.0 = Debug|x64
		{F5DF01F6-8CB6-4C27-8DA8-2379323B31E7}.Release|Win32.ActiveCfg = Release|Win32
		{F5DF01F6-8CB6-4C27-8DA8-2379323B31E7}.Release|Win32.Build.0 = Release|Win32
		{F5DF01F6-8CB6-4C27-8DA8-2379323B31E7}.Release|x64.ActiveCfg = Release|x64
		{F5DF01F6-8CB6-4C27-8DA8-2379323B31E7}.Release|x64.Build.0 = Release|x64
		{B174EBB8-99AE-4371-9A54-79DC309730DA}.Debug|Win32.ActiveCfg = Debug|Win32
		{B174EBB8-99AE-4371-9A54-79DC309730DA}.Debug|Win32.Build.0 = Debug|Win32
		{B174EBB8-99AE-4371-9A54-79DC309730DA}.Debug|x64.ActiveCfg = Debug|x64
		{B174EBB8-99AE-4371-9A54-79DC309730DA}.Debug|x64.Build.0 = Debug|x64
		{B174EBB8-99AE-4371-9A54-79DC309730DA}.Release|Win32.ActiveCfg = Release|Win32
		{B174EBB8-99AE-4371-9A54-79DC309730DA}.Release|Win32.Build.0 = Release|Win32
		{B174EBB8-99AE-4371-9A54-79DC309730DA}.Release|x64.ActiveCfg = Release|x64
		{B174EBB8-99AE-4371-9A54-79DC309730DA}.Release|x64.Build.0 = Release|x64
		{28710655-9C06-4803-8752-55A99115773F}.Debug|Win32.ActiveCfg = Debug|Win32
		{28710655-9C06-4803-8752-55A99115773F}.Debug|Win32.Build.0 = Debug|Win32
		{28710655-9C06-4803-8752-55A99115773F}.Debug|x64.ActiveCfg = Debug|x64
		{28710655-9C06-4803-8752-55A99115773F}.Debug|x64.Build.0 = Debug|x64
		{28710655-9C06-4803-8752-55A99115773F}.Release|Win32.ActiveCfg = Release|Win32
		{28710655-9C06-4803-8752-55A99115773F}.Release|Win32.Build.0 = Release|Win32
		{28710655-9C06-4803-8752-55A99115773F}.Release|x64.ActiveCfg = Release|x64
		{28710655-9C06-4803-8752-55A99115773F}.Release|x64.Build.0 = Release|x64
		{6D7B62E9-883D-406C-B6F8-1636D3962772}.Debug|Win32.ActiveCfg = Debug|Win32
		{6D7B62E9-883D-406C-B6F8-1636D3962772}.Debug|Win32.Build.0 = Debug|Win32
		{6D7B62E9-883D-406C-B6F8-1636D3962772}.Debug|x64.ActiveCfg = Debug|x64
		{6D7B62E9-883D-406C-B6F8-1636D3962772}.Debug|x64.Build.0 = Debug|x64
		{6D7B62E9-883D-406C-B6F8-1636D3962772}.Release|Win32.ActiveCfg = Release|Win32
		{6D7B62E9-883D-406C-B6F8-1636D3962772}.Release|Win32.Build.0 = Release|Win32
		{6D7B62E9-883D-406C-B6F8-1636D3962772}.Release|x64.ActiveCfg = Release|x64
		{6D7B62E9-883D-406C-B6F8-1636D3962772}.Release|x64.Build.0 = Release|x64
		{7472FD2F-DDE7-44B1-91FB-65C0BE81932B}.Debug|Win32.ActiveCfg = Debug|Win32
		{7472FD2F-DDE7-44B1-91FB-65C0BE81932B}.Debug|Win32.Build.0 = Debug|Win32
		{7472FD2F-DDE7-44B1-91FB-65C0BE81932B}.Debug|x64.ActiveCfg = Debug|x64
		{7472FD2F-DDE7-44B1-91FB-65C0BE81932B}.Debug|x64.Build.0 = Debug|x64
		{7472FD2F-DDE7-44B1-91FB-65C0BE81932B}.Release|Win32.ActiveCfg = Release|Win32
		{7472FD2F-DDE7-44B1-91FB-65C0BE81932B}.Release|Win32.Build.0 = Release|Win32
		{7472FD2F-DDE7-44B1-91FB-65C0BE81932B}.Release|x64.ActiveCfg = Release|x64
		{7472FD2F-DDE7-44B1-91FB-65C0BE81932B}.Release|x64.Build.0 = Release|x64
		{B3CA73CF-E71E-42F3-95DE-43797A86C798}.Debug|Win32.ActiveCfg = Debug|Win32
		{B3CA73CF-E71E-42F3-95DE-43797A86C798}.Debug|Win32.Build.0 = Debug|Win32
		{B3CA73CF-E71E-42F3-95DE-43797A86C798}.Debug|x64.ActiveCfg = Debug|x64
		{B3CA73CF-E71E-42F3-95DE-43797A86C798}.Debug|x64.Build.0 = Debug|x64
		{B3CA73CF-E71E-42F3-95DE-43797A86C798}.Release|Win32.ActiveCfg = Release|Win32
		{B3CA73CF-E71E-42F3-95DE-43797A86C798}.Release|Win32.Build.0 = Release|Win32
		{B3CA73CF-E71E-42F3-95DE-43797A86C798}.Release|x64.ActiveCfg = Release|x64
		{B3CA73CF-E71E-42F3-95DE-43797A86C798}.Release|x64.Build.0 = Release|x64
		{9571E1BE-DDDA-47CB-8675-238D405FCADA}.Debug|Win32.ActiveCfg = Debug|Win32
		{9571E1BE-DDDA-47CB-8675-238D405FCADA}.Debug|Win32.Build.0 = Debug|Win32
		{9571E1BE-DDDA-47CB-8675-238D405FCADA}.Debug|x64.ActiveCfg = Debug|x64
		{9571E1BE-DDDA-47CB-8675-238D405FCADA}.Debug|x64.Build.0 = Debug|x64
		{9571E1BE-DDDA-47CB-8675-238D405FCADA}.Release|Win32.ActiveCfg = Release|Win32
		{9571E1BE-DDDA-47CB-8675-238D405FCADA}.Release|Win32.Build.0 = Release|Win32
		{9571E1BE-DDDA-47CB-8675-238D405FCADA}.Release|x64.ActiveCfg = Release|x64
		{9571E1BE-DDDA-47CB-8675-238D405FCADA}.Release|x64.Build.0 = Release|x64
		{38B89BC0-6C00-4ABB-A179-24FEE81D1890}.Debug|Win32.ActiveCfg = Debug|Win32
		{38B89BC0-6C00-4ABB-A179-24FEE81D1890}.Debug|Win32.Build.0 = Debug|Win32
		{38B89BC0-6C00-4ABB-A179-24FEE81D1890}.Debug|x64.ActiveCfg = Debug|x64
		{38B89BC0-6C00-4ABB-A179-24FEE81D1890}.Debug|x64.Build.0 = Debug|x64
		{38B89BC0-6C00-4ABB-A179-24FEE81D1890}.Release|Win32.ActiveCfg = Release|Win32
		{38B89BC0-6C00-4ABB-A179-24FEE81D1890}.Release|Win32.Build.0 = Release|Win32
		{38B89BC0-6C00-4ABB-A179-24FEE81D1890}.Release|x64.ActiveCfg = Release|x64
		{38B89BC0-6C00-4ABB-A179-24FEE81D1890}.Release|x64.Build.0 = Release|x64
	EndGlobalSection
	GlobalSection(SolutionProperties) = preSolution
		HideSolutionNode = FALSE
	EndGlobalSection
EndGlobal
