
Microsoft Visual Studio Solution File, Format Version 10.00
# Visual C++ Express 2008
Project("{8BC9CEB8-8B4A-11D0-8D11-00A0C91BC942}") = "libclamav", "libclamav.vcproj", "{3AD5B16C-340A-40AC-96AD-6017B941A316}"
	ProjectSection(ProjectDependencies) = postProject
		{1CF5BBB9-E4FE-4DDE-B165-5C2BA9276DB9} = {1CF5BBB9-E4FE-4DDE-B165-5C2BA9276DB9}
	EndProjectSection
EndProject
Project("{8BC9CEB8-8B4A-11D0-8D11-00A0C91BC942}") = "clamscan", "clamscan.vcproj", "{F79E7CA7-E49D-479E-8D68-0EA9CB585575}"
	ProjectSection(ProjectDependencies) = postProject
		{3AD5B16C-340A-40AC-96AD-6017B941A316} = {3AD5B16C-340A-40AC-96AD-6017B941A316}
	EndProjectSection
EndProject
Project("{8BC9CEB8-8B4A-11D0-8D11-00A0C91BC942}") = "libclamunrar_iface", "libclamunrar_iface.vcproj", "{3E9C718E-7670-4E33-9D94-C4E9ABE49F81}"
	ProjectSection(ProjectDependencies) = postProject
		{41B2E193-92E3-429C-8DAC-9B287E3D7182} = {41B2E193-92E3-429C-8DAC-9B287E3D7182}
	EndProjectSection
EndProject
Project("{8BC9CEB8-8B4A-11D0-8D11-00A0C91BC942}") = "libclamunrar", "libclamunrar.vcproj", "{41B2E193-92E3-429C-8DAC-9B287E3D7182}"
EndProject
Project("{8BC9CEB8-8B4A-11D0-8D11-00A0C91BC942}") = "freshclam", "freshclam.vcproj", "{CEA52DD8-0418-42AD-B640-F33CC7C600CE}"
	ProjectSection(ProjectDependencies) = postProject
		{3AD5B16C-340A-40AC-96AD-6017B941A316} = {3AD5B16C-340A-40AC-96AD-6017B941A316}
	EndProjectSection
EndProject
Project("{8BC9CEB8-8B4A-11D0-8D11-00A0C91BC942}") = "clamconf", "clamconf.vcproj", "{DEABE3C7-6F4D-4221-8EEE-AD19C8261273}"
	ProjectSection(ProjectDependencies) = postProject
		{3AD5B16C-340A-40AC-96AD-6017B941A316} = {3AD5B16C-340A-40AC-96AD-6017B941A316}
	EndProjectSection
EndProject
Project("{8BC9CEB8-8B4A-11D0-8D11-00A0C91BC942}") = "clambc", "clambc.vcproj", "{81AF8E63-81A8-4748-84E7-72DA558906B6}"
EndProject
Project("{8BC9CEB8-8B4A-11D0-8D11-00A0C91BC942}") = "libclamavc++", "libclamavc++.vcproj", "{1CF5BBB9-E4FE-4DDE-B165-5C2BA9276DB9}"
	ProjectSection(ProjectDependencies) = postProject
		{B637BA24-6D53-4111-9B9D-8118DB235CF1} = {B637BA24-6D53-4111-9B9D-8118DB235CF1}
		{A21DFE37-487F-4D7E-A4CF-54EB16FE9CCA} = {A21DFE37-487F-4D7E-A4CF-54EB16FE9CCA}
		{D8269865-4C1C-4043-BB7B-AAE339840D67} = {D8269865-4C1C-4043-BB7B-AAE339840D67}
		{1D9F596A-FB3A-40C4-A0CA-CA400C76D8BC} = {1D9F596A-FB3A-40C4-A0CA-CA400C76D8BC}
		{0B2951A0-6CFE-4114-8EFA-5E535F79EDF2} = {0B2951A0-6CFE-4114-8EFA-5E535F79EDF2}
		{2C63BCDD-1056-4D59-92E6-BDE2CC8D3648} = {2C63BCDD-1056-4D59-92E6-BDE2CC8D3648}
		{2D275CEE-169C-4FCC-ADC1-FC1B9FC9767B} = {2D275CEE-169C-4FCC-ADC1-FC1B9FC9767B}
	EndProjectSection
EndProject
Project("{8BC9CEB8-8B4A-11D0-8D11-00A0C91BC942}") = "LLVMSystem", "llvmbuild\lib\System\LLVMSystem.vcproj", "{A8B7E498-9930-4668-85AC-1E77D00B5F97}"
	ProjectSection(ProjectDependencies) = postProject
		{4A7EBFCE-9419-418E-8FB2-157332442B58} = {4A7EBFCE-9419-418E-8FB2-157332442B58}
	EndProjectSection
EndProject
Project("{8BC9CEB8-8B4A-11D0-8D11-00A0C91BC942}") = "LLVMSupport", "llvmbuild\lib\Support\LLVMSupport.vcproj", "{6D90F811-6BF0-416F-B9D2-A84400407C82}"
	ProjectSection(ProjectDependencies) = postProject
		{A8B7E498-9930-4668-85AC-1E77D00B5F97} = {A8B7E498-9930-4668-85AC-1E77D00B5F97}
		{4A7EBFCE-9419-418E-8FB2-157332442B58} = {4A7EBFCE-9419-418E-8FB2-157332442B58}
	EndProjectSection
EndProject
Project("{8BC9CEB8-8B4A-11D0-8D11-00A0C91BC942}") = "tblgen", "llvmbuild\utils\TableGen\tblgen.vcproj", "{00065C46-C9AA-4418-A393-D3AC78943A76}"
	ProjectSection(ProjectDependencies) = postProject
		{6D90F811-6BF0-416F-B9D2-A84400407C82} = {6D90F811-6BF0-416F-B9D2-A84400407C82}
		{A8B7E498-9930-4668-85AC-1E77D00B5F97} = {A8B7E498-9930-4668-85AC-1E77D00B5F97}
		{4A7EBFCE-9419-418E-8FB2-157332442B58} = {4A7EBFCE-9419-418E-8FB2-157332442B58}
	EndProjectSection
EndProject
Project("{8BC9CEB8-8B4A-11D0-8D11-00A0C91BC942}") = "intrinsics_gen", "llvmbuild\include\llvm\intrinsics_gen.vcproj", "{02E2E574-CFD1-4E4E-9C38-D3763B3DA482}"
	ProjectSection(ProjectDependencies) = postProject
		{00065C46-C9AA-4418-A393-D3AC78943A76} = {00065C46-C9AA-4418-A393-D3AC78943A76}
	EndProjectSection
EndProject
Project("{8BC9CEB8-8B4A-11D0-8D11-00A0C91BC942}") = "llvm_headers_do_not_build", "llvmbuild\include\llvm\llvm_headers_do_not_build.vcproj", "{4A7EBFCE-9419-418E-8FB2-157332442B58}"
EndProject
Project("{8BC9CEB8-8B4A-11D0-8D11-00A0C91BC942}") = "LLVMCore", "llvmbuild\lib\VMCore\LLVMCore.vcproj", "{E7A00CB9-9B1F-4C7E-927D-052EE5B3DE6A}"
	ProjectSection(ProjectDependencies) = postProject
		{6D90F811-6BF0-416F-B9D2-A84400407C82} = {6D90F811-6BF0-416F-B9D2-A84400407C82}
		{02E2E574-CFD1-4E4E-9C38-D3763B3DA482} = {02E2E574-CFD1-4E4E-9C38-D3763B3DA482}
		{A8B7E498-9930-4668-85AC-1E77D00B5F97} = {A8B7E498-9930-4668-85AC-1E77D00B5F97}
		{4A7EBFCE-9419-418E-8FB2-157332442B58} = {4A7EBFCE-9419-418E-8FB2-157332442B58}
	EndProjectSection
EndProject
Project("{8BC9CEB8-8B4A-11D0-8D11-00A0C91BC942}") = "LLVMCodeGen", "llvmbuild\lib\CodeGen\LLVMCodeGen.vcproj", "{24D6FF19-97D3-46C9-A74C-F6235D723DFF}"
	ProjectSection(ProjectDependencies) = postProject
		{158C9FA5-1E87-44F7-9651-94B76B582A25} = {158C9FA5-1E87-44F7-9651-94B76B582A25}
		{E7A00CB9-9B1F-4C7E-927D-052EE5B3DE6A} = {E7A00CB9-9B1F-4C7E-927D-052EE5B3DE6A}
		{4A7EBFCE-9419-418E-8FB2-157332442B58} = {4A7EBFCE-9419-418E-8FB2-157332442B58}
	EndProjectSection
EndProject
Project("{8BC9CEB8-8B4A-11D0-8D11-00A0C91BC942}") = "LLVMSelectionDAG", "llvmbuild\lib\CodeGen\SelectionDAG\LLVMSelectionDAG.vcproj", "{D5B16CD4-BCBA-428E-BC7C-E3954C805CA6}"
	ProjectSection(ProjectDependencies) = postProject
		{E7A00CB9-9B1F-4C7E-927D-052EE5B3DE6A} = {E7A00CB9-9B1F-4C7E-927D-052EE5B3DE6A}
		{4A7EBFCE-9419-418E-8FB2-157332442B58} = {4A7EBFCE-9419-418E-8FB2-157332442B58}
	EndProjectSection
EndProject
Project("{8BC9CEB8-8B4A-11D0-8D11-00A0C91BC942}") = "LLVMTarget", "llvmbuild\lib\Target\LLVMTarget.vcproj", "{5BE67B8A-B3F5-4ABA-A25B-B1FB95B32F8E}"
	ProjectSection(ProjectDependencies) = postProject
		{E7A00CB9-9B1F-4C7E-927D-052EE5B3DE6A} = {E7A00CB9-9B1F-4C7E-927D-052EE5B3DE6A}
		{4A7EBFCE-9419-418E-8FB2-157332442B58} = {4A7EBFCE-9419-418E-8FB2-157332442B58}
	EndProjectSection
EndProject
Project("{8BC9CEB8-8B4A-11D0-8D11-00A0C91BC942}") = "LLVMX86CodeGen", "llvmbuild\lib\Target\X86\LLVMX86CodeGen.vcproj", "{C3AF28D8-4DD7-4405-9EDD-8C9CB8595836}"
	ProjectSection(ProjectDependencies) = postProject
		{00065C46-C9AA-4418-A393-D3AC78943A76} = {00065C46-C9AA-4418-A393-D3AC78943A76}
		{313EC5A1-2BA7-4578-A50C-22768C91FA54} = {313EC5A1-2BA7-4578-A50C-22768C91FA54}
		{E7A00CB9-9B1F-4C7E-927D-052EE5B3DE6A} = {E7A00CB9-9B1F-4C7E-927D-052EE5B3DE6A}
		{4A7EBFCE-9419-418E-8FB2-157332442B58} = {4A7EBFCE-9419-418E-8FB2-157332442B58}
	EndProjectSection
EndProject
Project("{8BC9CEB8-8B4A-11D0-8D11-00A0C91BC942}") = "LLVMX86Info", "llvmbuild\lib\Target\X86\TargetInfo\LLVMX86Info.vcproj", "{B2DDC573-AF3E-412A-AD86-DE5974D5811E}"
	ProjectSection(ProjectDependencies) = postProject
		{E7A00CB9-9B1F-4C7E-927D-052EE5B3DE6A} = {E7A00CB9-9B1F-4C7E-927D-052EE5B3DE6A}
		{4A7EBFCE-9419-418E-8FB2-157332442B58} = {4A7EBFCE-9419-418E-8FB2-157332442B58}
	EndProjectSection
EndProject
Project("{8BC9CEB8-8B4A-11D0-8D11-00A0C91BC942}") = "LLVMExecutionEngine", "llvmbuild\lib\ExecutionEngine\LLVMExecutionEngine.vcproj", "{0B2951A0-6CFE-4114-8EFA-5E535F79EDF2}"
	ProjectSection(ProjectDependencies) = postProject
		{E7A00CB9-9B1F-4C7E-927D-052EE5B3DE6A} = {E7A00CB9-9B1F-4C7E-927D-052EE5B3DE6A}
		{4A7EBFCE-9419-418E-8FB2-157332442B58} = {4A7EBFCE-9419-418E-8FB2-157332442B58}
	EndProjectSection
EndProject
Project("{8BC9CEB8-8B4A-11D0-8D11-00A0C91BC942}") = "LLVMJIT", "llvmbuild\lib\ExecutionEngine\JIT\LLVMJIT.vcproj", "{A21DFE37-487F-4D7E-A4CF-54EB16FE9CCA}"
	ProjectSection(ProjectDependencies) = postProject
		{6D90F811-6BF0-416F-B9D2-A84400407C82} = {6D90F811-6BF0-416F-B9D2-A84400407C82}
		{24D6FF19-97D3-46C9-A74C-F6235D723DFF} = {24D6FF19-97D3-46C9-A74C-F6235D723DFF}
		{B2DDC573-AF3E-412A-AD86-DE5974D5811E} = {B2DDC573-AF3E-412A-AD86-DE5974D5811E}
		{5BE67B8A-B3F5-4ABA-A25B-B1FB95B32F8E} = {5BE67B8A-B3F5-4ABA-A25B-B1FB95B32F8E}
		{A8B7E498-9930-4668-85AC-1E77D00B5F97} = {A8B7E498-9930-4668-85AC-1E77D00B5F97}
		{E7A00CB9-9B1F-4C7E-927D-052EE5B3DE6A} = {E7A00CB9-9B1F-4C7E-927D-052EE5B3DE6A}
		{4A7EBFCE-9419-418E-8FB2-157332442B58} = {4A7EBFCE-9419-418E-8FB2-157332442B58}
		{D5B16CD4-BCBA-428E-BC7C-E3954C805CA6} = {D5B16CD4-BCBA-428E-BC7C-E3954C805CA6}
		{C3AF28D8-4DD7-4405-9EDD-8C9CB8595836} = {C3AF28D8-4DD7-4405-9EDD-8C9CB8595836}
	EndProjectSection
EndProject
Project("{8BC9CEB8-8B4A-11D0-8D11-00A0C91BC942}") = "LLVMTransformUtils", "llvmbuild\lib\Transforms\Utils\LLVMTransformUtils.vcproj", "{158C9FA5-1E87-44F7-9651-94B76B582A25}"
	ProjectSection(ProjectDependencies) = postProject
		{E7A00CB9-9B1F-4C7E-927D-052EE5B3DE6A} = {E7A00CB9-9B1F-4C7E-927D-052EE5B3DE6A}
		{4A7EBFCE-9419-418E-8FB2-157332442B58} = {4A7EBFCE-9419-418E-8FB2-157332442B58}
	EndProjectSection
EndProject
Project("{8BC9CEB8-8B4A-11D0-8D11-00A0C91BC942}") = "X86CodeGenTable_gen", "llvmbuild\lib\Target\X86\X86CodeGenTable_gen.vcproj", "{313EC5A1-2BA7-4578-A50C-22768C91FA54}"
	ProjectSection(ProjectDependencies) = postProject
		{00065C46-C9AA-4418-A393-D3AC78943A76} = {00065C46-C9AA-4418-A393-D3AC78943A76}
	EndProjectSection
EndProject
Project("{8BC9CEB8-8B4A-11D0-8D11-00A0C91BC942}") = "LLVMAnalysis", "llvmbuild\lib\Analysis\LLVMAnalysis.vcproj", "{1D9F596A-FB3A-40C4-A0CA-CA400C76D8BC}"
	ProjectSection(ProjectDependencies) = postProject
		{E7A00CB9-9B1F-4C7E-927D-052EE5B3DE6A} = {E7A00CB9-9B1F-4C7E-927D-052EE5B3DE6A}
	EndProjectSection
EndProject
Project("{8BC9CEB8-8B4A-11D0-8D11-00A0C91BC942}") = "LLVMScalarOpts", "llvmbuild\lib\Transforms\Scalar\LLVMScalarOpts.vcproj", "{2D275CEE-169C-4FCC-ADC1-FC1B9FC9767B}"
	ProjectSection(ProjectDependencies) = postProject
		{E7A00CB9-9B1F-4C7E-927D-052EE5B3DE6A} = {E7A00CB9-9B1F-4C7E-927D-052EE5B3DE6A}
	EndProjectSection
EndProject
Project("{8BC9CEB8-8B4A-11D0-8D11-00A0C91BC942}") = "LLVMMC", "llvmbuild\lib\MC\LLVMMC.vcproj", "{2C63BCDD-1056-4D59-92E6-BDE2CC8D3648}"
	ProjectSection(ProjectDependencies) = postProject
		{E7A00CB9-9B1F-4C7E-927D-052EE5B3DE6A} = {E7A00CB9-9B1F-4C7E-927D-052EE5B3DE6A}
	EndProjectSection
EndProject
Project("{8BC9CEB8-8B4A-11D0-8D11-00A0C91BC942}") = "LLVMAsmPrinter", "llvmbuild\lib\CodeGen\AsmPrinter\LLVMAsmPrinter.vcproj", "{D8269865-4C1C-4043-BB7B-AAE339840D67}"
	ProjectSection(ProjectDependencies) = postProject
		{E7A00CB9-9B1F-4C7E-927D-052EE5B3DE6A} = {E7A00CB9-9B1F-4C7E-927D-052EE5B3DE6A}
	EndProjectSection
EndProject
Project("{8BC9CEB8-8B4A-11D0-8D11-00A0C91BC942}") = "LLVMipa", "llvmbuild\lib\Analysis\IPA\LLVMipa.vcproj", "{B637BA24-6D53-4111-9B9D-8118DB235CF1}"
	ProjectSection(ProjectDependencies) = postProject
		{02E2E574-CFD1-4E4E-9C38-D3763B3DA482} = {02E2E574-CFD1-4E4E-9C38-D3763B3DA482}
		{E7A00CB9-9B1F-4C7E-927D-052EE5B3DE6A} = {E7A00CB9-9B1F-4C7E-927D-052EE5B3DE6A}
	EndProjectSection
EndProject
Global
	GlobalSection(SolutionConfigurationPlatforms) = preSolution
		Debug|Win32 = Debug|Win32
		MinSizeRel|Win32 = MinSizeRel|Win32
		Release|Win32 = Release|Win32
		RelWithDebInfo|Win32 = RelWithDebInfo|Win32
	EndGlobalSection
	GlobalSection(ProjectConfigurationPlatforms) = postSolution
		{3AD5B16C-340A-40AC-96AD-6017B941A316}.Debug|Win32.ActiveCfg = Debug|Win32
		{3AD5B16C-340A-40AC-96AD-6017B941A316}.Debug|Win32.Build.0 = Debug|Win32
		{3AD5B16C-340A-40AC-96AD-6017B941A316}.MinSizeRel|Win32.ActiveCfg = Release|Win32
		{3AD5B16C-340A-40AC-96AD-6017B941A316}.MinSizeRel|Win32.Build.0 = Release|Win32
		{3AD5B16C-340A-40AC-96AD-6017B941A316}.Release|Win32.ActiveCfg = Release|Win32
		{3AD5B16C-340A-40AC-96AD-6017B941A316}.Release|Win32.Build.0 = Release|Win32
		{3AD5B16C-340A-40AC-96AD-6017B941A316}.RelWithDebInfo|Win32.ActiveCfg = Release|Win32
		{3AD5B16C-340A-40AC-96AD-6017B941A316}.RelWithDebInfo|Win32.Build.0 = Release|Win32
		{F79E7CA7-E49D-479E-8D68-0EA9CB585575}.Debug|Win32.ActiveCfg = Debug|Win32
		{F79E7CA7-E49D-479E-8D68-0EA9CB585575}.Debug|Win32.Build.0 = Debug|Win32
		{F79E7CA7-E49D-479E-8D68-0EA9CB585575}.MinSizeRel|Win32.ActiveCfg = Release|Win32
		{F79E7CA7-E49D-479E-8D68-0EA9CB585575}.MinSizeRel|Win32.Build.0 = Release|Win32
		{F79E7CA7-E49D-479E-8D68-0EA9CB585575}.Release|Win32.ActiveCfg = Release|Win32
		{F79E7CA7-E49D-479E-8D68-0EA9CB585575}.Release|Win32.Build.0 = Release|Win32
		{F79E7CA7-E49D-479E-8D68-0EA9CB585575}.RelWithDebInfo|Win32.ActiveCfg = Release|Win32
		{F79E7CA7-E49D-479E-8D68-0EA9CB585575}.RelWithDebInfo|Win32.Build.0 = Release|Win32
		{3E9C718E-7670-4E33-9D94-C4E9ABE49F81}.Debug|Win32.ActiveCfg = Debug|Win32
		{3E9C718E-7670-4E33-9D94-C4E9ABE49F81}.Debug|Win32.Build.0 = Debug|Win32
		{3E9C718E-7670-4E33-9D94-C4E9ABE49F81}.MinSizeRel|Win32.ActiveCfg = Release|Win32
		{3E9C718E-7670-4E33-9D94-C4E9ABE49F81}.MinSizeRel|Win32.Build.0 = Release|Win32
		{3E9C718E-7670-4E33-9D94-C4E9ABE49F81}.Release|Win32.ActiveCfg = Release|Win32
		{3E9C718E-7670-4E33-9D94-C4E9ABE49F81}.Release|Win32.Build.0 = Release|Win32
		{3E9C718E-7670-4E33-9D94-C4E9ABE49F81}.RelWithDebInfo|Win32.ActiveCfg = Release|Win32
		{3E9C718E-7670-4E33-9D94-C4E9ABE49F81}.RelWithDebInfo|Win32.Build.0 = Release|Win32
		{41B2E193-92E3-429C-8DAC-9B287E3D7182}.Debug|Win32.ActiveCfg = Debug|Win32
		{41B2E193-92E3-429C-8DAC-9B287E3D7182}.Debug|Win32.Build.0 = Debug|Win32
		{41B2E193-92E3-429C-8DAC-9B287E3D7182}.MinSizeRel|Win32.ActiveCfg = Release|Win32
		{41B2E193-92E3-429C-8DAC-9B287E3D7182}.MinSizeRel|Win32.Build.0 = Release|Win32
		{41B2E193-92E3-429C-8DAC-9B287E3D7182}.Release|Win32.ActiveCfg = Release|Win32
		{41B2E193-92E3-429C-8DAC-9B287E3D7182}.Release|Win32.Build.0 = Release|Win32
		{41B2E193-92E3-429C-8DAC-9B287E3D7182}.RelWithDebInfo|Win32.ActiveCfg = Release|Win32
		{41B2E193-92E3-429C-8DAC-9B287E3D7182}.RelWithDebInfo|Win32.Build.0 = Release|Win32
		{CEA52DD8-0418-42AD-B640-F33CC7C600CE}.Debug|Win32.ActiveCfg = Debug|Win32
		{CEA52DD8-0418-42AD-B640-F33CC7C600CE}.Debug|Win32.Build.0 = Debug|Win32
		{CEA52DD8-0418-42AD-B640-F33CC7C600CE}.MinSizeRel|Win32.ActiveCfg = Release|Win32
		{CEA52DD8-0418-42AD-B640-F33CC7C600CE}.MinSizeRel|Win32.Build.0 = Release|Win32
		{CEA52DD8-0418-42AD-B640-F33CC7C600CE}.Release|Win32.ActiveCfg = Release|Win32
		{CEA52DD8-0418-42AD-B640-F33CC7C600CE}.Release|Win32.Build.0 = Release|Win32
		{CEA52DD8-0418-42AD-B640-F33CC7C600CE}.RelWithDebInfo|Win32.ActiveCfg = Release|Win32
		{CEA52DD8-0418-42AD-B640-F33CC7C600CE}.RelWithDebInfo|Win32.Build.0 = Release|Win32
		{DEABE3C7-6F4D-4221-8EEE-AD19C8261273}.Debug|Win32.ActiveCfg = Debug|Win32
		{DEABE3C7-6F4D-4221-8EEE-AD19C8261273}.Debug|Win32.Build.0 = Debug|Win32
		{DEABE3C7-6F4D-4221-8EEE-AD19C8261273}.MinSizeRel|Win32.ActiveCfg = Release|Win32
		{DEABE3C7-6F4D-4221-8EEE-AD19C8261273}.MinSizeRel|Win32.Build.0 = Release|Win32
		{DEABE3C7-6F4D-4221-8EEE-AD19C8261273}.Release|Win32.ActiveCfg = Release|Win32
		{DEABE3C7-6F4D-4221-8EEE-AD19C8261273}.Release|Win32.Build.0 = Release|Win32
		{DEABE3C7-6F4D-4221-8EEE-AD19C8261273}.RelWithDebInfo|Win32.ActiveCfg = Release|Win32
		{DEABE3C7-6F4D-4221-8EEE-AD19C8261273}.RelWithDebInfo|Win32.Build.0 = Release|Win32
		{81AF8E63-81A8-4748-84E7-72DA558906B6}.Debug|Win32.ActiveCfg = Debug|Win32
		{81AF8E63-81A8-4748-84E7-72DA558906B6}.Debug|Win32.Build.0 = Debug|Win32
		{81AF8E63-81A8-4748-84E7-72DA558906B6}.MinSizeRel|Win32.ActiveCfg = Release|Win32
		{81AF8E63-81A8-4748-84E7-72DA558906B6}.MinSizeRel|Win32.Build.0 = Release|Win32
		{81AF8E63-81A8-4748-84E7-72DA558906B6}.Release|Win32.ActiveCfg = Release|Win32
		{81AF8E63-81A8-4748-84E7-72DA558906B6}.Release|Win32.Build.0 = Release|Win32
		{81AF8E63-81A8-4748-84E7-72DA558906B6}.RelWithDebInfo|Win32.ActiveCfg = Release|Win32
		{81AF8E63-81A8-4748-84E7-72DA558906B6}.RelWithDebInfo|Win32.Build.0 = Release|Win32
		{1CF5BBB9-E4FE-4DDE-B165-5C2BA9276DB9}.Debug|Win32.ActiveCfg = Debug|Win32
		{1CF5BBB9-E4FE-4DDE-B165-5C2BA9276DB9}.Debug|Win32.Build.0 = Debug|Win32
		{1CF5BBB9-E4FE-4DDE-B165-5C2BA9276DB9}.MinSizeRel|Win32.ActiveCfg = Release|Win32
		{1CF5BBB9-E4FE-4DDE-B165-5C2BA9276DB9}.MinSizeRel|Win32.Build.0 = Release|Win32
		{1CF5BBB9-E4FE-4DDE-B165-5C2BA9276DB9}.Release|Win32.ActiveCfg = Release|Win32
		{1CF5BBB9-E4FE-4DDE-B165-5C2BA9276DB9}.Release|Win32.Build.0 = Release|Win32
		{1CF5BBB9-E4FE-4DDE-B165-5C2BA9276DB9}.RelWithDebInfo|Win32.ActiveCfg = Release|Win32
		{1CF5BBB9-E4FE-4DDE-B165-5C2BA9276DB9}.RelWithDebInfo|Win32.Build.0 = Release|Win32
		{A8B7E498-9930-4668-85AC-1E77D00B5F97}.Debug|Win32.ActiveCfg = Debug|Win32
		{A8B7E498-9930-4668-85AC-1E77D00B5F97}.Debug|Win32.Build.0 = Debug|Win32
		{A8B7E498-9930-4668-85AC-1E77D00B5F97}.MinSizeRel|Win32.ActiveCfg = MinSizeRel|Win32
		{A8B7E498-9930-4668-85AC-1E77D00B5F97}.MinSizeRel|Win32.Build.0 = MinSizeRel|Win32
		{A8B7E498-9930-4668-85AC-1E77D00B5F97}.Release|Win32.ActiveCfg = Release|Win32
		{A8B7E498-9930-4668-85AC-1E77D00B5F97}.Release|Win32.Build.0 = Release|Win32
		{A8B7E498-9930-4668-85AC-1E77D00B5F97}.RelWithDebInfo|Win32.ActiveCfg = RelWithDebInfo|Win32
		{A8B7E498-9930-4668-85AC-1E77D00B5F97}.RelWithDebInfo|Win32.Build.0 = RelWithDebInfo|Win32
		{6D90F811-6BF0-416F-B9D2-A84400407C82}.Debug|Win32.ActiveCfg = Debug|Win32
		{6D90F811-6BF0-416F-B9D2-A84400407C82}.Debug|Win32.Build.0 = Debug|Win32
		{6D90F811-6BF0-416F-B9D2-A84400407C82}.MinSizeRel|Win32.ActiveCfg = MinSizeRel|Win32
		{6D90F811-6BF0-416F-B9D2-A84400407C82}.MinSizeRel|Win32.Build.0 = MinSizeRel|Win32
		{6D90F811-6BF0-416F-B9D2-A84400407C82}.Release|Win32.ActiveCfg = Release|Win32
		{6D90F811-6BF0-416F-B9D2-A84400407C82}.Release|Win32.Build.0 = Release|Win32
		{6D90F811-6BF0-416F-B9D2-A84400407C82}.RelWithDebInfo|Win32.ActiveCfg = RelWithDebInfo|Win32
		{6D90F811-6BF0-416F-B9D2-A84400407C82}.RelWithDebInfo|Win32.Build.0 = RelWithDebInfo|Win32
		{00065C46-C9AA-4418-A393-D3AC78943A76}.Debug|Win32.ActiveCfg = Debug|Win32
		{00065C46-C9AA-4418-A393-D3AC78943A76}.Debug|Win32.Build.0 = Debug|Win32
		{00065C46-C9AA-4418-A393-D3AC78943A76}.MinSizeRel|Win32.ActiveCfg = MinSizeRel|Win32
		{00065C46-C9AA-4418-A393-D3AC78943A76}.MinSizeRel|Win32.Build.0 = MinSizeRel|Win32
		{00065C46-C9AA-4418-A393-D3AC78943A76}.Release|Win32.ActiveCfg = Release|Win32
		{00065C46-C9AA-4418-A393-D3AC78943A76}.Release|Win32.Build.0 = Release|Win32
		{00065C46-C9AA-4418-A393-D3AC78943A76}.RelWithDebInfo|Win32.ActiveCfg = RelWithDebInfo|Win32
		{00065C46-C9AA-4418-A393-D3AC78943A76}.RelWithDebInfo|Win32.Build.0 = RelWithDebInfo|Win32
		{02E2E574-CFD1-4E4E-9C38-D3763B3DA482}.Debug|Win32.ActiveCfg = Debug|Win32
		{02E2E574-CFD1-4E4E-9C38-D3763B3DA482}.Debug|Win32.Build.0 = Debug|Win32
		{02E2E574-CFD1-4E4E-9C38-D3763B3DA482}.MinSizeRel|Win32.ActiveCfg = MinSizeRel|Win32
		{02E2E574-CFD1-4E4E-9C38-D3763B3DA482}.MinSizeRel|Win32.Build.0 = MinSizeRel|Win32
		{02E2E574-CFD1-4E4E-9C38-D3763B3DA482}.Release|Win32.ActiveCfg = Release|Win32
		{02E2E574-CFD1-4E4E-9C38-D3763B3DA482}.Release|Win32.Build.0 = Release|Win32
		{02E2E574-CFD1-4E4E-9C38-D3763B3DA482}.RelWithDebInfo|Win32.ActiveCfg = RelWithDebInfo|Win32
		{02E2E574-CFD1-4E4E-9C38-D3763B3DA482}.RelWithDebInfo|Win32.Build.0 = RelWithDebInfo|Win32
		{4A7EBFCE-9419-418E-8FB2-157332442B58}.Debug|Win32.ActiveCfg = Debug|Win32
		{4A7EBFCE-9419-418E-8FB2-157332442B58}.Debug|Win32.Build.0 = Debug|Win32
		{4A7EBFCE-9419-418E-8FB2-157332442B58}.MinSizeRel|Win32.ActiveCfg = MinSizeRel|Win32
		{4A7EBFCE-9419-418E-8FB2-157332442B58}.MinSizeRel|Win32.Build.0 = MinSizeRel|Win32
		{4A7EBFCE-9419-418E-8FB2-157332442B58}.Release|Win32.ActiveCfg = Release|Win32
		{4A7EBFCE-9419-418E-8FB2-157332442B58}.Release|Win32.Build.0 = Release|Win32
		{4A7EBFCE-9419-418E-8FB2-157332442B58}.RelWithDebInfo|Win32.ActiveCfg = RelWithDebInfo|Win32
		{4A7EBFCE-9419-418E-8FB2-157332442B58}.RelWithDebInfo|Win32.Build.0 = RelWithDebInfo|Win32
		{E7A00CB9-9B1F-4C7E-927D-052EE5B3DE6A}.Debug|Win32.ActiveCfg = Debug|Win32
		{E7A00CB9-9B1F-4C7E-927D-052EE5B3DE6A}.Debug|Win32.Build.0 = Debug|Win32
		{E7A00CB9-9B1F-4C7E-927D-052EE5B3DE6A}.MinSizeRel|Win32.ActiveCfg = MinSizeRel|Win32
		{E7A00CB9-9B1F-4C7E-927D-052EE5B3DE6A}.MinSizeRel|Win32.Build.0 = MinSizeRel|Win32
		{E7A00CB9-9B1F-4C7E-927D-052EE5B3DE6A}.Release|Win32.ActiveCfg = Release|Win32
		{E7A00CB9-9B1F-4C7E-927D-052EE5B3DE6A}.Release|Win32.Build.0 = Release|Win32
		{E7A00CB9-9B1F-4C7E-927D-052EE5B3DE6A}.RelWithDebInfo|Win32.ActiveCfg = RelWithDebInfo|Win32
		{E7A00CB9-9B1F-4C7E-927D-052EE5B3DE6A}.RelWithDebInfo|Win32.Build.0 = RelWithDebInfo|Win32
		{24D6FF19-97D3-46C9-A74C-F6235D723DFF}.Debug|Win32.ActiveCfg = Debug|Win32
		{24D6FF19-97D3-46C9-A74C-F6235D723DFF}.Debug|Win32.Build.0 = Debug|Win32
		{24D6FF19-97D3-46C9-A74C-F6235D723DFF}.MinSizeRel|Win32.ActiveCfg = MinSizeRel|Win32
		{24D6FF19-97D3-46C9-A74C-F6235D723DFF}.MinSizeRel|Win32.Build.0 = MinSizeRel|Win32
		{24D6FF19-97D3-46C9-A74C-F6235D723DFF}.Release|Win32.ActiveCfg = Release|Win32
		{24D6FF19-97D3-46C9-A74C-F6235D723DFF}.Release|Win32.Build.0 = Release|Win32
		{24D6FF19-97D3-46C9-A74C-F6235D723DFF}.RelWithDebInfo|Win32.ActiveCfg = RelWithDebInfo|Win32
		{24D6FF19-97D3-46C9-A74C-F6235D723DFF}.RelWithDebInfo|Win32.Build.0 = RelWithDebInfo|Win32
		{D5B16CD4-BCBA-428E-BC7C-E3954C805CA6}.Debug|Win32.ActiveCfg = Debug|Win32
		{D5B16CD4-BCBA-428E-BC7C-E3954C805CA6}.Debug|Win32.Build.0 = Debug|Win32
		{D5B16CD4-BCBA-428E-BC7C-E3954C805CA6}.MinSizeRel|Win32.ActiveCfg = MinSizeRel|Win32
		{D5B16CD4-BCBA-428E-BC7C-E3954C805CA6}.MinSizeRel|Win32.Build.0 = MinSizeRel|Win32
		{D5B16CD4-BCBA-428E-BC7C-E3954C805CA6}.Release|Win32.ActiveCfg = Release|Win32
		{D5B16CD4-BCBA-428E-BC7C-E3954C805CA6}.Release|Win32.Build.0 = Release|Win32
		{D5B16CD4-BCBA-428E-BC7C-E3954C805CA6}.RelWithDebInfo|Win32.ActiveCfg = RelWithDebInfo|Win32
		{D5B16CD4-BCBA-428E-BC7C-E3954C805CA6}.RelWithDebInfo|Win32.Build.0 = RelWithDebInfo|Win32
		{5BE67B8A-B3F5-4ABA-A25B-B1FB95B32F8E}.Debug|Win32.ActiveCfg = Debug|Win32
		{5BE67B8A-B3F5-4ABA-A25B-B1FB95B32F8E}.Debug|Win32.Build.0 = Debug|Win32
		{5BE67B8A-B3F5-4ABA-A25B-B1FB95B32F8E}.MinSizeRel|Win32.ActiveCfg = MinSizeRel|Win32
		{5BE67B8A-B3F5-4ABA-A25B-B1FB95B32F8E}.MinSizeRel|Win32.Build.0 = MinSizeRel|Win32
		{5BE67B8A-B3F5-4ABA-A25B-B1FB95B32F8E}.Release|Win32.ActiveCfg = Release|Win32
		{5BE67B8A-B3F5-4ABA-A25B-B1FB95B32F8E}.Release|Win32.Build.0 = Release|Win32
		{5BE67B8A-B3F5-4ABA-A25B-B1FB95B32F8E}.RelWithDebInfo|Win32.ActiveCfg = RelWithDebInfo|Win32
		{5BE67B8A-B3F5-4ABA-A25B-B1FB95B32F8E}.RelWithDebInfo|Win32.Build.0 = RelWithDebInfo|Win32
		{C3AF28D8-4DD7-4405-9EDD-8C9CB8595836}.Debug|Win32.ActiveCfg = Debug|Win32
		{C3AF28D8-4DD7-4405-9EDD-8C9CB8595836}.Debug|Win32.Build.0 = Debug|Win32
		{C3AF28D8-4DD7-4405-9EDD-8C9CB8595836}.MinSizeRel|Win32.ActiveCfg = MinSizeRel|Win32
		{C3AF28D8-4DD7-4405-9EDD-8C9CB8595836}.MinSizeRel|Win32.Build.0 = MinSizeRel|Win32
		{C3AF28D8-4DD7-4405-9EDD-8C9CB8595836}.Release|Win32.ActiveCfg = Release|Win32
		{C3AF28D8-4DD7-4405-9EDD-8C9CB8595836}.Release|Win32.Build.0 = Release|Win32
		{C3AF28D8-4DD7-4405-9EDD-8C9CB8595836}.RelWithDebInfo|Win32.ActiveCfg = RelWithDebInfo|Win32
		{C3AF28D8-4DD7-4405-9EDD-8C9CB8595836}.RelWithDebInfo|Win32.Build.0 = RelWithDebInfo|Win32
		{B2DDC573-AF3E-412A-AD86-DE5974D5811E}.Debug|Win32.ActiveCfg = Debug|Win32
		{B2DDC573-AF3E-412A-AD86-DE5974D5811E}.Debug|Win32.Build.0 = Debug|Win32
		{B2DDC573-AF3E-412A-AD86-DE5974D5811E}.MinSizeRel|Win32.ActiveCfg = MinSizeRel|Win32
		{B2DDC573-AF3E-412A-AD86-DE5974D5811E}.MinSizeRel|Win32.Build.0 = MinSizeRel|Win32
		{B2DDC573-AF3E-412A-AD86-DE5974D5811E}.Release|Win32.ActiveCfg = Release|Win32
		{B2DDC573-AF3E-412A-AD86-DE5974D5811E}.Release|Win32.Build.0 = Release|Win32
		{B2DDC573-AF3E-412A-AD86-DE5974D5811E}.RelWithDebInfo|Win32.ActiveCfg = RelWithDebInfo|Win32
		{B2DDC573-AF3E-412A-AD86-DE5974D5811E}.RelWithDebInfo|Win32.Build.0 = RelWithDebInfo|Win32
		{0B2951A0-6CFE-4114-8EFA-5E535F79EDF2}.Debug|Win32.ActiveCfg = Debug|Win32
		{0B2951A0-6CFE-4114-8EFA-5E535F79EDF2}.Debug|Win32.Build.0 = Debug|Win32
		{0B2951A0-6CFE-4114-8EFA-5E535F79EDF2}.MinSizeRel|Win32.ActiveCfg = MinSizeRel|Win32
		{0B2951A0-6CFE-4114-8EFA-5E535F79EDF2}.MinSizeRel|Win32.Build.0 = MinSizeRel|Win32
		{0B2951A0-6CFE-4114-8EFA-5E535F79EDF2}.Release|Win32.ActiveCfg = Release|Win32
		{0B2951A0-6CFE-4114-8EFA-5E535F79EDF2}.Release|Win32.Build.0 = Release|Win32
		{0B2951A0-6CFE-4114-8EFA-5E535F79EDF2}.RelWithDebInfo|Win32.ActiveCfg = RelWithDebInfo|Win32
		{0B2951A0-6CFE-4114-8EFA-5E535F79EDF2}.RelWithDebInfo|Win32.Build.0 = RelWithDebInfo|Win32
		{A21DFE37-487F-4D7E-A4CF-54EB16FE9CCA}.Debug|Win32.ActiveCfg = Debug|Win32
		{A21DFE37-487F-4D7E-A4CF-54EB16FE9CCA}.Debug|Win32.Build.0 = Debug|Win32
		{A21DFE37-487F-4D7E-A4CF-54EB16FE9CCA}.MinSizeRel|Win32.ActiveCfg = MinSizeRel|Win32
		{A21DFE37-487F-4D7E-A4CF-54EB16FE9CCA}.MinSizeRel|Win32.Build.0 = MinSizeRel|Win32
		{A21DFE37-487F-4D7E-A4CF-54EB16FE9CCA}.Release|Win32.ActiveCfg = Release|Win32
		{A21DFE37-487F-4D7E-A4CF-54EB16FE9CCA}.Release|Win32.Build.0 = Release|Win32
		{A21DFE37-487F-4D7E-A4CF-54EB16FE9CCA}.RelWithDebInfo|Win32.ActiveCfg = RelWithDebInfo|Win32
		{A21DFE37-487F-4D7E-A4CF-54EB16FE9CCA}.RelWithDebInfo|Win32.Build.0 = RelWithDebInfo|Win32
		{158C9FA5-1E87-44F7-9651-94B76B582A25}.Debug|Win32.ActiveCfg = Debug|Win32
		{158C9FA5-1E87-44F7-9651-94B76B582A25}.Debug|Win32.Build.0 = Debug|Win32
		{158C9FA5-1E87-44F7-9651-94B76B582A25}.MinSizeRel|Win32.ActiveCfg = MinSizeRel|Win32
		{158C9FA5-1E87-44F7-9651-94B76B582A25}.MinSizeRel|Win32.Build.0 = MinSizeRel|Win32
		{158C9FA5-1E87-44F7-9651-94B76B582A25}.Release|Win32.ActiveCfg = Release|Win32
		{158C9FA5-1E87-44F7-9651-94B76B582A25}.Release|Win32.Build.0 = Release|Win32
		{158C9FA5-1E87-44F7-9651-94B76B582A25}.RelWithDebInfo|Win32.ActiveCfg = RelWithDebInfo|Win32
		{158C9FA5-1E87-44F7-9651-94B76B582A25}.RelWithDebInfo|Win32.Build.0 = RelWithDebInfo|Win32
		{313EC5A1-2BA7-4578-A50C-22768C91FA54}.Debug|Win32.ActiveCfg = Debug|Win32
		{313EC5A1-2BA7-4578-A50C-22768C91FA54}.Debug|Win32.Build.0 = Debug|Win32
		{313EC5A1-2BA7-4578-A50C-22768C91FA54}.MinSizeRel|Win32.ActiveCfg = MinSizeRel|Win32
		{313EC5A1-2BA7-4578-A50C-22768C91FA54}.MinSizeRel|Win32.Build.0 = MinSizeRel|Win32
		{313EC5A1-2BA7-4578-A50C-22768C91FA54}.Release|Win32.ActiveCfg = Release|Win32
		{313EC5A1-2BA7-4578-A50C-22768C91FA54}.Release|Win32.Build.0 = Release|Win32
		{313EC5A1-2BA7-4578-A50C-22768C91FA54}.RelWithDebInfo|Win32.ActiveCfg = RelWithDebInfo|Win32
		{313EC5A1-2BA7-4578-A50C-22768C91FA54}.RelWithDebInfo|Win32.Build.0 = RelWithDebInfo|Win32
		{1D9F596A-FB3A-40C4-A0CA-CA400C76D8BC}.Debug|Win32.ActiveCfg = Debug|Win32
		{1D9F596A-FB3A-40C4-A0CA-CA400C76D8BC}.Debug|Win32.Build.0 = Debug|Win32
		{1D9F596A-FB3A-40C4-A0CA-CA400C76D8BC}.MinSizeRel|Win32.ActiveCfg = MinSizeRel|Win32
		{1D9F596A-FB3A-40C4-A0CA-CA400C76D8BC}.MinSizeRel|Win32.Build.0 = MinSizeRel|Win32
		{1D9F596A-FB3A-40C4-A0CA-CA400C76D8BC}.Release|Win32.ActiveCfg = Release|Win32
		{1D9F596A-FB3A-40C4-A0CA-CA400C76D8BC}.Release|Win32.Build.0 = Release|Win32
		{1D9F596A-FB3A-40C4-A0CA-CA400C76D8BC}.RelWithDebInfo|Win32.ActiveCfg = RelWithDebInfo|Win32
		{1D9F596A-FB3A-40C4-A0CA-CA400C76D8BC}.RelWithDebInfo|Win32.Build.0 = RelWithDebInfo|Win32
		{2D275CEE-169C-4FCC-ADC1-FC1B9FC9767B}.Debug|Win32.ActiveCfg = Debug|Win32
		{2D275CEE-169C-4FCC-ADC1-FC1B9FC9767B}.Debug|Win32.Build.0 = Debug|Win32
		{2D275CEE-169C-4FCC-ADC1-FC1B9FC9767B}.MinSizeRel|Win32.ActiveCfg = MinSizeRel|Win32
		{2D275CEE-169C-4FCC-ADC1-FC1B9FC9767B}.MinSizeRel|Win32.Build.0 = MinSizeRel|Win32
		{2D275CEE-169C-4FCC-ADC1-FC1B9FC9767B}.Release|Win32.ActiveCfg = Release|Win32
		{2D275CEE-169C-4FCC-ADC1-FC1B9FC9767B}.Release|Win32.Build.0 = Release|Win32
		{2D275CEE-169C-4FCC-ADC1-FC1B9FC9767B}.RelWithDebInfo|Win32.ActiveCfg = RelWithDebInfo|Win32
		{2D275CEE-169C-4FCC-ADC1-FC1B9FC9767B}.RelWithDebInfo|Win32.Build.0 = RelWithDebInfo|Win32
		{2C63BCDD-1056-4D59-92E6-BDE2CC8D3648}.Debug|Win32.ActiveCfg = Debug|Win32
		{2C63BCDD-1056-4D59-92E6-BDE2CC8D3648}.Debug|Win32.Build.0 = Debug|Win32
		{2C63BCDD-1056-4D59-92E6-BDE2CC8D3648}.MinSizeRel|Win32.ActiveCfg = MinSizeRel|Win32
		{2C63BCDD-1056-4D59-92E6-BDE2CC8D3648}.MinSizeRel|Win32.Build.0 = MinSizeRel|Win32
		{2C63BCDD-1056-4D59-92E6-BDE2CC8D3648}.Release|Win32.ActiveCfg = Release|Win32
		{2C63BCDD-1056-4D59-92E6-BDE2CC8D3648}.Release|Win32.Build.0 = Release|Win32
		{2C63BCDD-1056-4D59-92E6-BDE2CC8D3648}.RelWithDebInfo|Win32.ActiveCfg = RelWithDebInfo|Win32
		{2C63BCDD-1056-4D59-92E6-BDE2CC8D3648}.RelWithDebInfo|Win32.Build.0 = RelWithDebInfo|Win32
		{D8269865-4C1C-4043-BB7B-AAE339840D67}.Debug|Win32.ActiveCfg = Debug|Win32
		{D8269865-4C1C-4043-BB7B-AAE339840D67}.Debug|Win32.Build.0 = Debug|Win32
		{D8269865-4C1C-4043-BB7B-AAE339840D67}.MinSizeRel|Win32.ActiveCfg = MinSizeRel|Win32
		{D8269865-4C1C-4043-BB7B-AAE339840D67}.MinSizeRel|Win32.Build.0 = MinSizeRel|Win32
		{D8269865-4C1C-4043-BB7B-AAE339840D67}.Release|Win32.ActiveCfg = Release|Win32
		{D8269865-4C1C-4043-BB7B-AAE339840D67}.Release|Win32.Build.0 = Release|Win32
		{D8269865-4C1C-4043-BB7B-AAE339840D67}.RelWithDebInfo|Win32.ActiveCfg = RelWithDebInfo|Win32
		{D8269865-4C1C-4043-BB7B-AAE339840D67}.RelWithDebInfo|Win32.Build.0 = RelWithDebInfo|Win32
		{B637BA24-6D53-4111-9B9D-8118DB235CF1}.Debug|Win32.ActiveCfg = Debug|Win32
		{B637BA24-6D53-4111-9B9D-8118DB235CF1}.Debug|Win32.Build.0 = Debug|Win32
		{B637BA24-6D53-4111-9B9D-8118DB235CF1}.MinSizeRel|Win32.ActiveCfg = MinSizeRel|Win32
		{B637BA24-6D53-4111-9B9D-8118DB235CF1}.MinSizeRel|Win32.Build.0 = MinSizeRel|Win32
		{B637BA24-6D53-4111-9B9D-8118DB235CF1}.Release|Win32.ActiveCfg = Release|Win32
		{B637BA24-6D53-4111-9B9D-8118DB235CF1}.Release|Win32.Build.0 = Release|Win32
		{B637BA24-6D53-4111-9B9D-8118DB235CF1}.RelWithDebInfo|Win32.ActiveCfg = RelWithDebInfo|Win32
		{B637BA24-6D53-4111-9B9D-8118DB235CF1}.RelWithDebInfo|Win32.Build.0 = RelWithDebInfo|Win32
	EndGlobalSection
	GlobalSection(SolutionProperties) = preSolution
		HideSolutionNode = FALSE
	EndGlobalSection
EndGlobal
