
Microsoft Visual Studio Solution File, Format Version 10.00
# Visual C++ Express 2008
Project("{8BC9CEB8-8B4A-11D0-8D11-00A0C91BC942}") = "libclamav", "libclamav.vcproj", "{3AD5B16C-340A-40AC-96AD-6017B941A316}"
EndProject
Project("{8BC9CEB8-8B4A-11D0-8D11-00A0C91BC942}") = "clamscan", "clamscan.vcproj", "{F79E7CA7-E49D-479E-8D68-0EA9CB585575}"
	ProjectSection(ProjectDependencies) = postProject
		{3AD5B16C-340A-40AC-96AD-6017B941A316} = {3AD5B16C-340A-40AC-96AD-6017B941A316}
	EndProjectSection
EndProject
Global
	GlobalSection(SolutionConfigurationPlatforms) = preSolution
		Debug|Win32 = Debug|Win32
		Release|Win32 = Release|Win32
	EndGlobalSection
	GlobalSection(ProjectConfigurationPlatforms) = postSolution
		{3AD5B16C-340A-40AC-96AD-6017B941A316}.Debug|Win32.ActiveCfg = Debug|Win32
		{3AD5B16C-340A-40AC-96AD-6017B941A316}.Debug|Win32.Build.0 = Debug|Win32
		{3AD5B16C-340A-40AC-96AD-6017B941A316}.Release|Win32.ActiveCfg = Release|Win32
		{3AD5B16C-340A-40AC-96AD-6017B941A316}.Release|Win32.Build.0 = Release|Win32
		{F79E7CA7-E49D-479E-8D68-0EA9CB585575}.Debug|Win32.ActiveCfg = Debug|Win32
		{F79E7CA7-E49D-479E-8D68-0EA9CB585575}.Debug|Win32.Build.0 = Debug|Win32
		{F79E7CA7-E49D-479E-8D68-0EA9CB585575}.Release|Win32.ActiveCfg = Release|Win32
		{F79E7CA7-E49D-479E-8D68-0EA9CB585575}.Release|Win32.Build.0 = Release|Win32
	EndGlobalSection
	GlobalSection(SolutionProperties) = preSolution
		HideSolutionNode = FALSE
	EndGlobalSection
EndGlobal
