<?xml version="1.0" encoding="utf-8"?>
<Project ToolsVersion="4.0" xmlns="http://schemas.microsoft.com/developer/msbuild/2003">
  <ItemGroup>
    <Filter Include="Source Files">
      <UniqueIdentifier>{4FC737F1-C7A5-4376-A066-2A32D752A2FF}</UniqueIdentifier>
      <Extensions>cpp;c;cc;cxx;def;odl;idl;hpj;bat;asm;asmx</Extensions>
    </Filter>
    <Filter Include="Resource Files">
      <UniqueIdentifier>{67DA6AB6-F800-4c08-8B7A-83BB121AAD01}</UniqueIdentifier>
      <Extensions>rc;ico;cur;bmp;dlg;rc2;rct;bin;rgs;gif;jpg;jpeg;jpe;resx;tiff;tif;png;wav;mfcribbon-ms</Extensions>
    </Filter>
    <Filter Include="Source Files\shared">
      <UniqueIdentifier>{49709eab-7e40-4384-9864-e0f52e1277a5}</UniqueIdentifier>
    </Filter>
    <Filter Include="Source Files\compat">
      <UniqueIdentifier>{1d0af2cb-f601-4a08-bef2-0bfed007822f}</UniqueIdentifier>
    </Filter>
  </ItemGroup>
  <ItemGroup>
    <ResourceCompile Include="res\freshclam.rc">
      <Filter>Resource Files</Filter>
    </ResourceCompile>
  </ItemGroup>
  <ItemGroup>
    <ClCompile Include="..\freshclam\notify.c">
      <Filter>Source Files</Filter>
    </ClCompile>
    <ClCompile Include="..\freshclam\dns.c">
      <Filter>Source Files</Filter>
    </ClCompile>
    <ClCompile Include="..\freshclam\execute.c">
      <Filter>Source Files</Filter>
    </ClCompile>
    <ClCompile Include="..\freshclam\freshclam.c">
      <Filter>Source Files</Filter>
    </ClCompile>
    <ClCompile Include="..\freshclam\manager.c">
      <Filter>Source Files</Filter>
    </ClCompile>
    <ClCompile Include="..\freshclam\mirman.c">
      <Filter>Source Files</Filter>
    </ClCompile>
    <ClCompile Include="..\freshclam\nonblock.c">
      <Filter>Source Files</Filter>
    </ClCompile>
    <ClCompile Include="..\shared\tar.c">
      <Filter>Source Files\shared</Filter>
    </ClCompile>
    <ClCompile Include="..\shared\cdiff.c">
      <Filter>Source Files\shared</Filter>
    </ClCompile>
    <ClCompile Include="..\shared\misc.c">
      <Filter>Source Files\shared</Filter>
    </ClCompile>
    <ClCompile Include="..\shared\output.c">
      <Filter>Source Files\shared</Filter>
    </ClCompile>
    <ClCompile Include="compat\strptime.c">
      <Filter>Source Files\compat</Filter>
    </ClCompile>
    <ClCompile Include="compat\resolv.c">
      <Filter>Source Files\compat</Filter>
    </ClCompile>
    <ClCompile Include="..\shared\clamdcom.c">
      <Filter>Source Files</Filter>
    </ClCompile>
  </ItemGroup>
  <ItemGroup>
    <Library Include="libeay32.lib" />
    <Library Include="ssleay32.lib" />
  </ItemGroup>
</Project>