<?xml version="1.0" encoding="utf-8"?>
<Project ToolsVersion="4.0" xmlns="http://schemas.microsoft.com/developer/msbuild/2003">
  <ItemGroup>
    <Filter Include="Source Files">
      <UniqueIdentifier>{4FC737F1-C7A5-4376-A066-2A32D752A2FF}</UniqueIdentifier>
      <Extensions>cpp;c;cc;cxx;def;odl;idl;hpj;bat;asm;asmx</Extensions>
    </Filter>
    <Filter Include="Resource Files">
      <UniqueIdentifier>{67DA6AB6-F800-4c08-8B7A-83BB121AAD01}</UniqueIdentifier>
      <Extensions>rc;ico;cur;bmp;dlg;rc2;rct;bin;rgs;gif;jpg;jpeg;jpe;resx;tiff;tif;png;wav;mfcribbon-ms</Extensions>
    </Filter>
    <Filter Include="Source Files\zlib">
      <UniqueIdentifier>{2070fbd3-055a-4f91-8af0-a047da5329c1}</UniqueIdentifier>
    </Filter>
    <Filter Include="Source Files\shared">
      <UniqueIdentifier>{2473c15d-165c-4405-9df6-35ed56caf337}</UniqueIdentifier>
    </Filter>
    <Filter Include="Source Files\regex">
      <UniqueIdentifier>{700ece7c-1113-4ac3-adee-0ed17af9070e}</UniqueIdentifier>
    </Filter>
    <Filter Include="Source Files\nsis">
      <UniqueIdentifier>{531fb74e-4f05-4c50-8001-8ea3e494c991}</UniqueIdentifier>
    </Filter>
    <Filter Include="Source Files\jsparse">
      <UniqueIdentifier>{852fe52d-957a-4ecd-b8f0-27af35d24cab}</UniqueIdentifier>
    </Filter>
    <Filter Include="Source Files\compat">
      <UniqueIdentifier>{a84a1fce-aeed-4797-a64f-aa4c42c91cc5}</UniqueIdentifier>
    </Filter>
    <Filter Include="Source Files\bzip2">
      <UniqueIdentifier>{2fc5b25e-33b3-4b61-a34f-12d1d898a888}</UniqueIdentifier>
    </Filter>
    <Filter Include="Source Files\7z">
      <UniqueIdentifier>{0ec7d9e2-b4a9-4378-b1d8-0f1da0e434c5}</UniqueIdentifier>
    </Filter>
    <Filter Include="Source Files\libxml2">
      <UniqueIdentifier>{8f0b6856-1d86-4ab3-b519-14a403a3058a}</UniqueIdentifier>
    </Filter>
    <Filter Include="Source Files\pcre2">
      <UniqueIdentifier>{21226063-d886-46c0-b786-a5a5254e0dca}</UniqueIdentifier>
    </Filter>
  </ItemGroup>
  <ItemGroup>
    <None Include="libclamav.def">
      <Filter>Resource Files</Filter>
    </None>
  </ItemGroup>
  <ItemGroup>
    <ResourceCompile Include="res\libclamav.rc">
      <Filter>Resource Files</Filter>
    </ResourceCompile>
  </ItemGroup>
  <ItemGroup>
    <ClCompile Include="..\libclamav\bytecode_api_decl.c">
      <Filter>Source Files</Filter>
    </ClCompile>
    <ClCompile Include="..\libclamav\adc.c">
      <Filter>Source Files</Filter>
    </ClCompile>
    <ClCompile Include="..\libclamav\apm.c">
      <Filter>Source Files</Filter>
    </ClCompile>
    <ClCompile Include="..\libclamav\aspack.c">
      <Filter>Source Files</Filter>
    </ClCompile>
    <ClCompile Include="..\libclamav\autoit.c">
      <Filter>Source Files</Filter>
    </ClCompile>
    <ClCompile Include="..\libclamav\binhex.c">
      <Filter>Source Files</Filter>
    </ClCompile>
    <ClCompile Include="..\libclamav\blob.c">
      <Filter>Source Files</Filter>
    </ClCompile>
    <ClCompile Include="..\libclamav\bytecode.c">
      <Filter>Source Files</Filter>
    </ClCompile>
    <ClCompile Include="..\libclamav\bytecode_api.c">
      <Filter>Source Files</Filter>
    </ClCompile>
    <ClCompile Include="..\libclamav\lzma_iface.c">
      <Filter>Source Files</Filter>
    </ClCompile>
    <ClCompile Include="..\libclamav\lzw\lzwdec.c">
      <Filter>Source Files</Filter>
    </ClCompile>
    <ClCompile Include="..\libclamav\bytecode_vm.c">
      <Filter>Source Files</Filter>
    </ClCompile>
    <ClCompile Include="..\libclamav\cache.c">
      <Filter>Source Files</Filter>
    </ClCompile>
    <ClCompile Include="..\libclamav\cpio.c">
      <Filter>Source Files</Filter>
    </ClCompile>
    <ClCompile Include="..\libclamav\cvd.c">
      <Filter>Source Files</Filter>
    </ClCompile>
    <ClCompile Include="..\libclamav\dconf.c">
      <Filter>Source Files</Filter>
    </ClCompile>
    <ClCompile Include="..\libclamav\disasm.c">
      <Filter>Source Files</Filter>
    </ClCompile>
    <ClCompile Include="..\libclamav\dlp.c">
      <Filter>Source Files</Filter>
    </ClCompile>
    <ClCompile Include="..\libclamav\dmg.c">
      <Filter>Source Files</Filter>
    </ClCompile>
    <ClCompile Include="..\libclamav\dsig.c">
      <Filter>Source Files</Filter>
    </ClCompile>
    <ClCompile Include="..\libclamav\elf.c">
      <Filter>Source Files</Filter>
    </ClCompile>
    <ClCompile Include="..\libclamav\entconv.c">
      <Filter>Source Files</Filter>
    </ClCompile>
    <ClCompile Include="..\libclamav\explode.c">
      <Filter>Source Files</Filter>
    </ClCompile>
    <ClCompile Include="..\libclamav\filetypes.c">
      <Filter>Source Files</Filter>
    </ClCompile>
    <ClCompile Include="..\libclamav\filtering.c">
      <Filter>Source Files</Filter>
    </ClCompile>
    <ClCompile Include="..\libclamav\fmap.c">
      <Filter>Source Files</Filter>
    </ClCompile>
    <ClCompile Include="..\libclamav\fsg.c">
      <Filter>Source Files</Filter>
    </ClCompile>
    <ClCompile Include="..\libclamav\gpt.c">
      <Filter>Source Files</Filter>
    </ClCompile>
    <ClCompile Include="..\libclamav\hashtab.c">
      <Filter>Source Files</Filter>
    </ClCompile>
    <ClCompile Include="..\libclamav\hfsplus.c">
      <Filter>Source Files</Filter>
    </ClCompile>
    <ClCompile Include="..\libclamav\htmlnorm.c">
      <Filter>Source Files</Filter>
    </ClCompile>
    <ClCompile Include="..\libclamav\inflate64.c">
      <Filter>Source Files</Filter>
    </ClCompile>
    <ClCompile Include="..\libclamav\iowrap.c">
      <Filter>Source Files</Filter>
    </ClCompile>
    <ClCompile Include="..\libclamav\is_tar.c">
      <Filter>Source Files</Filter>
    </ClCompile>
    <ClCompile Include="..\libclamav\ishield.c">
      <Filter>Source Files</Filter>
    </ClCompile>
    <ClCompile Include="..\libclamav\json_api.c">
      <Filter>Source Files</Filter>
    </ClCompile>
    <ClCompile Include="..\libclamav\libmspack.c">
      <Filter>Source Files</Filter>
    </ClCompile>
    <ClCompile Include="..\libclamav\line.c">
      <Filter>Source Files</Filter>
    </ClCompile>
    <ClCompile Include="..\libclamav\phishcheck.c">
      <Filter>Source Files</Filter>
    </ClCompile>
    <ClCompile Include="..\libclamav\macho.c">
      <Filter>Source Files</Filter>
    </ClCompile>
    <ClCompile Include="..\libclamav\matcher.c">
      <Filter>Source Files</Filter>
    </ClCompile>
    <ClCompile Include="..\libclamav\matcher-ac.c">
      <Filter>Source Files</Filter>
    </ClCompile>
    <ClCompile Include="..\libclamav\matcher-bm.c">
      <Filter>Source Files</Filter>
    </ClCompile>
    <ClCompile Include="..\libclamav\matcher-pcre.c">
      <Filter>Source Files</Filter>
    </ClCompile>
    <ClCompile Include="..\libclamav\mbox.c">
      <Filter>Source Files</Filter>
    </ClCompile>
    <ClCompile Include="..\libclamav\mbr.c">
      <Filter>Source Files</Filter>
    </ClCompile>
    <ClCompile Include="..\libclamav\message.c">
      <Filter>Source Files</Filter>
    </ClCompile>
    <ClCompile Include="..\libclamav\mew.c">
      <Filter>Source Files</Filter>
    </ClCompile>
    <ClCompile Include="..\libclamav\mpool.c">
      <Filter>Source Files</Filter>
    </ClCompile>
    <ClCompile Include="..\libclamav\msexpand.c">
      <Filter>Source Files</Filter>
    </ClCompile>
    <ClCompile Include="..\libclamav\msxml.c">
      <Filter>Source Files</Filter>
    </ClCompile>
    <ClCompile Include="..\libclamav\msxml_parser.c">
      <Filter>Source Files</Filter>
    </ClCompile>
    <ClCompile Include="..\libclamav\ole2_extract.c">
      <Filter>Source Files</Filter>
    </ClCompile>
    <ClCompile Include="..\libclamav\ooxml.c">
      <Filter>Source Files</Filter>
    </ClCompile>
    <ClCompile Include="..\libclamav\others.c">
      <Filter>Source Files</Filter>
    </ClCompile>
    <ClCompile Include="..\libclamav\others_common.c">
      <Filter>Source Files</Filter>
    </ClCompile>
    <ClCompile Include="..\libclamav\packlibs.c">
      <Filter>Source Files</Filter>
    </ClCompile>
    <ClCompile Include="..\libclamav\pdf.c">
      <Filter>Source Files</Filter>
    </ClCompile>
    <ClCompile Include="..\libclamav\pdfdecode.c">
      <Filter>Source Files</Filter>
    </ClCompile>
    <ClCompile Include="..\libclamav\pe.c">
      <Filter>Source Files</Filter>
    </ClCompile>
    <ClCompile Include="..\libclamav\pe_icons.c">
      <Filter>Source Files</Filter>
    </ClCompile>
    <ClCompile Include="..\libclamav\perflogging.c">
      <Filter>Source Files</Filter>
    </ClCompile>
    <ClCompile Include="..\libclamav\petite.c">
      <Filter>Source Files</Filter>
    </ClCompile>
    <ClCompile Include="..\libclamav\phish_domaincheck_db.c">
      <Filter>Source Files</Filter>
    </ClCompile>
    <ClCompile Include="..\libclamav\phish_whitelist.c">
      <Filter>Source Files</Filter>
    </ClCompile>
    <ClCompile Include="..\libclamav\prtn_intxn.c">
      <Filter>Source Files</Filter>
    </ClCompile>
    <ClCompile Include="..\libclamav\yc.c">
      <Filter>Source Files</Filter>
    </ClCompile>
    <ClCompile Include="..\libclamav\sis.c">
      <Filter>Source Files</Filter>
    </ClCompile>
    <ClCompile Include="..\libclamav\special.c">
      <Filter>Source Files</Filter>
    </ClCompile>
    <ClCompile Include="..\libclamav\spin.c">
      <Filter>Source Files</Filter>
    </ClCompile>
    <ClCompile Include="..\libclamav\str.c">
      <Filter>Source Files</Filter>
    </ClCompile>
    <ClCompile Include="..\libclamav\strlcat.c">
      <Filter>Source Files</Filter>
    </ClCompile>
    <ClCompile Include="..\libclamav\table.c">
      <Filter>Source Files</Filter>
    </ClCompile>
    <ClCompile Include="..\libclamav\text.c">
      <Filter>Source Files</Filter>
    </ClCompile>
    <ClCompile Include="..\libclamav\textdet.c">
      <Filter>Source Files</Filter>
    </ClCompile>
    <ClCompile Include="..\libclamav\textnorm.c">
      <Filter>Source Files</Filter>
    </ClCompile>
    <ClCompile Include="..\libclamav\tnef.c">
      <Filter>Source Files</Filter>
    </ClCompile>
    <ClCompile Include="..\libclamav\unarj.c">
      <Filter>Source Files</Filter>
    </ClCompile>
    <ClCompile Include="..\libclamav\uniq.c">
      <Filter>Source Files</Filter>
    </ClCompile>
    <ClCompile Include="..\libclamav\unsp.c">
      <Filter>Source Files</Filter>
    </ClCompile>
    <ClCompile Include="..\libclamav\untar.c">
      <Filter>Source Files</Filter>
    </ClCompile>
    <ClCompile Include="..\libclamav\unzip.c">
      <Filter>Source Files</Filter>
    </ClCompile>
    <ClCompile Include="..\libclamav\upack.c">
      <Filter>Source Files</Filter>
    </ClCompile>
    <ClCompile Include="..\libclamav\upx.c">
      <Filter>Source Files</Filter>
    </ClCompile>
    <ClCompile Include="..\libclamav\uuencode.c">
      <Filter>Source Files</Filter>
    </ClCompile>
    <ClCompile Include="..\libclamav\vba_extract.c">
      <Filter>Source Files</Filter>
    </ClCompile>
    <ClCompile Include="..\libclamav\version.c">
      <Filter>Source Files</Filter>
    </ClCompile>
    <ClCompile Include="..\libclamav\wwunpack.c">
      <Filter>Source Files</Filter>
    </ClCompile>
    <ClCompile Include="..\libclamav\xar.c">
      <Filter>Source Files</Filter>
    </ClCompile>
    <ClCompile Include="3rdparty\zlib\zutil.c">
      <Filter>Source Files\zlib</Filter>
    </ClCompile>
    <ClCompile Include="3rdparty\zlib\adler32.c">
      <Filter>Source Files\zlib</Filter>
    </ClCompile>
    <ClCompile Include="3rdparty\zlib\compress.c">
      <Filter>Source Files\zlib</Filter>
    </ClCompile>
    <ClCompile Include="3rdparty\zlib\crc32.c">
      <Filter>Source Files\zlib</Filter>
    </ClCompile>
    <ClCompile Include="3rdparty\zlib\deflate.c">
      <Filter>Source Files\zlib</Filter>
    </ClCompile>
    <ClCompile Include="3rdparty\zlib\inffast.c">
      <Filter>Source Files\zlib</Filter>
    </ClCompile>
    <ClCompile Include="3rdparty\zlib\inflate.c">
      <Filter>Source Files\zlib</Filter>
    </ClCompile>
    <ClCompile Include="3rdparty\zlib\inftrees.c">
      <Filter>Source Files\zlib</Filter>
    </ClCompile>
    <ClCompile Include="3rdparty\zlib\trees.c">
      <Filter>Source Files\zlib</Filter>
    </ClCompile>
    <ClCompile Include="3rdparty\zlib\uncompr.c">
      <Filter>Source Files\zlib</Filter>
    </ClCompile>
    <ClCompile Include="..\shared\misc.c">
      <Filter>Source Files\shared</Filter>
    </ClCompile>
    <ClCompile Include="..\shared\getopt.c">
      <Filter>Source Files\shared</Filter>
    </ClCompile>
    <ClCompile Include="..\libclamav\regex\strlcpy.c">
      <Filter>Source Files\regex</Filter>
    </ClCompile>
    <ClCompile Include="..\libclamav\regex\regcomp.c">
      <Filter>Source Files\regex</Filter>
    </ClCompile>
    <ClCompile Include="..\libclamav\regex\regerror.c">
      <Filter>Source Files\regex</Filter>
    </ClCompile>
    <ClCompile Include="..\libclamav\regex\regexec.c">
      <Filter>Source Files\regex</Filter>
    </ClCompile>
    <ClCompile Include="..\libclamav\regex\regfree.c">
      <Filter>Source Files\regex</Filter>
    </ClCompile>
    <ClCompile Include="..\libclamav\nsis\infblock.c">
      <Filter>Source Files\nsis</Filter>
    </ClCompile>
    <ClCompile Include="..\libclamav\nsis\nulsft.c">
      <Filter>Source Files\nsis</Filter>
    </ClCompile>
    <ClCompile Include="..\libclamav\nsis\bzlib.c">
      <Filter>Source Files\nsis</Filter>
    </ClCompile>
    <ClCompile Include="..\libclamav\jsparse\js-norm.c">
      <Filter>Source Files\jsparse</Filter>
    </ClCompile>
    <ClCompile Include="compat\w32_stat.c">
      <Filter>Source Files\compat</Filter>
    </ClCompile>
    <ClCompile Include="compat\dirent.c">
      <Filter>Source Files\compat</Filter>
    </ClCompile>
    <ClCompile Include="compat\gettimeofday.c">
      <Filter>Source Files\compat</Filter>
    </ClCompile>
    <ClCompile Include="compat\glob.c">
      <Filter>Source Files\compat</Filter>
    </ClCompile>
    <ClCompile Include="compat\libclamav_main.c">
      <Filter>Source Files\compat</Filter>
    </ClCompile>
    <ClCompile Include="compat\libgen.c">
      <Filter>Source Files\compat</Filter>
    </ClCompile>
    <ClCompile Include="compat\ltdl.c">
      <Filter>Source Files\compat</Filter>
    </ClCompile>
    <ClCompile Include="compat\net.c">
      <Filter>Source Files\compat</Filter>
    </ClCompile>
    <ClCompile Include="compat\random.c">
      <Filter>Source Files\compat</Filter>
    </ClCompile>
    <ClCompile Include="compat\snprintf.c">
      <Filter>Source Files\compat</Filter>
    </ClCompile>
    <ClCompile Include="compat\w32_errno.c">
      <Filter>Source Files\compat</Filter>
    </ClCompile>
    <ClCompile Include="3rdparty\bzip2\randtable.c">
      <Filter>Source Files\bzip2</Filter>
    </ClCompile>
    <ClCompile Include="3rdparty\bzip2\blocksort.c">
      <Filter>Source Files\bzip2</Filter>
    </ClCompile>
    <ClCompile Include="3rdparty\bzip2\compress.c">
      <Filter>Source Files\bzip2</Filter>
    </ClCompile>
    <ClCompile Include="3rdparty\bzip2\crctable.c">
      <Filter>Source Files\bzip2</Filter>
    </ClCompile>
    <ClCompile Include="3rdparty\bzip2\decompress.c">
      <Filter>Source Files\bzip2</Filter>
    </ClCompile>
    <ClCompile Include="3rdparty\bzip2\huffman.c">
      <Filter>Source Files\bzip2</Filter>
    </ClCompile>
    <ClCompile Include="..\libclamav\7z\LzmaDec.c">
      <Filter>Source Files\7z</Filter>
    </ClCompile>
    <ClCompile Include="..\libclamav\7z\7zBuf.c">
      <Filter>Source Files\7z</Filter>
    </ClCompile>
    <ClCompile Include="..\libclamav\7z\7zCrc.c">
      <Filter>Source Files\7z</Filter>
    </ClCompile>
    <ClCompile Include="..\libclamav\7z\7zFile.c">
      <Filter>Source Files\7z</Filter>
    </ClCompile>
    <ClCompile Include="..\libclamav\7z\7zStream.c">
      <Filter>Source Files\7z</Filter>
    </ClCompile>
    <ClCompile Include="..\libclamav\7z\Bcj2.c">
      <Filter>Source Files\7z</Filter>
    </ClCompile>
    <ClCompile Include="..\libclamav\7z\Bra86.c">
      <Filter>Source Files\7z</Filter>
    </ClCompile>
    <ClCompile Include="..\libclamav\7z\Bra.c">
      <Filter>Source Files\7z</Filter>
    </ClCompile>
    <ClCompile Include="..\libclamav\regex_list.c">
      <Filter>Source Files</Filter>
    </ClCompile>
    <ClCompile Include="..\libclamav\rtf.c">
      <Filter>Source Files</Filter>
    </ClCompile>
    <ClCompile Include="..\libclamav\regex_suffix.c">
      <Filter>Source Files</Filter>
    </ClCompile>
    <ClCompile Include="..\libclamav\readdb.c">
      <Filter>Source Files</Filter>
    </ClCompile>
    <ClCompile Include="..\libclamav\scanners.c">
      <Filter>Source Files</Filter>
    </ClCompile>
    <ClCompile Include="..\libclamav\qsort.c">
      <Filter>Source Files</Filter>
    </ClCompile>
    <ClCompile Include="..\libclamav\rebuildpe.c">
      <Filter>Source Files</Filter>
    </ClCompile>
    <ClCompile Include="3rdparty\bzip2\bzlib.c">
      <Filter>Source Files\bzip2</Filter>
    </ClCompile>
    <ClCompile Include="..\libclamav\bytecode_detect.c">
      <Filter>Source Files</Filter>
    </ClCompile>
    <ClCompile Include="3rdparty\zlib\gzread.c">
      <Filter>Source Files\zlib</Filter>
    </ClCompile>
    <ClCompile Include="3rdparty\zlib\gzclose.c">
      <Filter>Source Files\zlib</Filter>
    </ClCompile>
    <ClCompile Include="3rdparty\zlib\gzlib.c">
      <Filter>Source Files\zlib</Filter>
    </ClCompile>
    <ClCompile Include="3rdparty\zlib\gzwrite.c">
      <Filter>Source Files\zlib</Filter>
    </ClCompile>
    <ClCompile Include="..\libclamav\png.c">
      <Filter>Source Files</Filter>
    </ClCompile>
    <ClCompile Include="..\libclamav\jpeg.c">
      <Filter>Source Files</Filter>
    </ClCompile>
    <ClCompile Include="..\libclamav\swf.c">
      <Filter>Source Files</Filter>
    </ClCompile>
    <ClCompile Include="..\libclamav\matcher-hash.c">
      <Filter>Source Files</Filter>
    </ClCompile>
    <ClCompile Include="..\libclamav\events.c">
      <Filter>Source Files</Filter>
    </ClCompile>
    <ClCompile Include="compat\utf8_util.c">
      <Filter>Source Files\compat</Filter>
    </ClCompile>
    <ClCompile Include="..\libclamav\tomsfastmath\mul\fp_mul_comba_small_set.c">
      <Filter>Source Files</Filter>
    </ClCompile>
    <ClCompile Include="..\libclamav\tomsfastmath\mul\fp_mul_comba_9.c">
      <Filter>Source Files</Filter>
    </ClCompile>
    <ClCompile Include="..\libclamav\tomsfastmath\mul\fp_mul_comba_64.c">
      <Filter>Source Files</Filter>
    </ClCompile>
    <ClCompile Include="..\libclamav\tomsfastmath\bin\fp_radix_size.c">
      <Filter>Source Files</Filter>
    </ClCompile>
    <ClCompile Include="..\libclamav\tomsfastmath\bin\fp_read_signed_bin.c">
      <Filter>Source Files</Filter>
    </ClCompile>
    <ClCompile Include="..\libclamav\tomsfastmath\bit\fp_div_2d.c">
      <Filter>Source Files</Filter>
    </ClCompile>
    <ClCompile Include="..\libclamav\tomsfastmath\mul\fp_mul.c">
      <Filter>Source Files</Filter>
    </ClCompile>
    <ClCompile Include="..\libclamav\tomsfastmath\sqr\fp_sqr_comba_generic.c">
      <Filter>Source Files</Filter>
    </ClCompile>
    <ClCompile Include="..\libclamav\tomsfastmath\addsub\fp_sub_d.c">
      <Filter>Source Files</Filter>
    </ClCompile>
    <ClCompile Include="..\libclamav\tomsfastmath\mul\fp_mulmod.c">
      <Filter>Source Files</Filter>
    </ClCompile>
    <ClCompile Include="..\libclamav\tomsfastmath\bit\fp_lshd.c">
      <Filter>Source Files</Filter>
    </ClCompile>
    <ClCompile Include="..\libclamav\tomsfastmath\mont\fp_montgomery_reduce.c">
      <Filter>Source Files</Filter>
    </ClCompile>
    <ClCompile Include="..\libclamav\tomsfastmath\sqr\fp_sqr.c">
      <Filter>Source Files</Filter>
    </ClCompile>
    <ClCompile Include="..\libclamav\tomsfastmath\sqr\fp_sqrmod.c">
      <Filter>Source Files</Filter>
    </ClCompile>
    <ClCompile Include="..\libclamav\tomsfastmath\mont\fp_montgomery_setup.c">
      <Filter>Source Files</Filter>
    </ClCompile>
    <ClCompile Include="..\libclamav\tomsfastmath\bit\fp_cnt_lsb.c">
      <Filter>Source Files</Filter>
    </ClCompile>
    <ClCompile Include="..\libclamav\tomsfastmath\sqr\fp_sqr_comba_28.c">
      <Filter>Source Files</Filter>
    </ClCompile>
    <ClCompile Include="..\libclamav\tomsfastmath\sqr\fp_sqr_comba_64.c">
      <Filter>Source Files</Filter>
    </ClCompile>
    <ClCompile Include="..\libclamav\tomsfastmath\bin\fp_reverse.c">
      <Filter>Source Files</Filter>
    </ClCompile>
    <ClCompile Include="..\libclamav\tomsfastmath\sqr\fp_sqr_comba_20.c">
      <Filter>Source Files</Filter>
    </ClCompile>
    <ClCompile Include="..\libclamav\tomsfastmath\addsub\s_fp_add.c">
      <Filter>Source Files</Filter>
    </ClCompile>
    <ClCompile Include="..\libclamav\tomsfastmath\mul\fp_mul_comba.c">
      <Filter>Source Files</Filter>
    </ClCompile>
    <ClCompile Include="..\libclamav\tomsfastmath\sqr\fp_sqr_comba_6.c">
      <Filter>Source Files</Filter>
    </ClCompile>
    <ClCompile Include="..\libclamav\tomsfastmath\mont\fp_montgomery_calc_normalization.c">
      <Filter>Source Files</Filter>
    </ClCompile>
    <ClCompile Include="..\libclamav\tomsfastmath\addsub\fp_cmp.c">
      <Filter>Source Files</Filter>
    </ClCompile>
    <ClCompile Include="..\libclamav\tomsfastmath\bin\fp_to_unsigned_bin.c">
      <Filter>Source Files</Filter>
    </ClCompile>
    <ClCompile Include="..\libclamav\tomsfastmath\misc\fp_ident.c">
      <Filter>Source Files</Filter>
    </ClCompile>
    <ClCompile Include="..\libclamav\tomsfastmath\bit\fp_div_2.c">
      <Filter>Source Files</Filter>
    </ClCompile>
    <ClCompile Include="..\libclamav\tomsfastmath\mul\fp_mul_comba_32.c">
      <Filter>Source Files</Filter>
    </ClCompile>
    <ClCompile Include="..\libclamav\tomsfastmath\mul\fp_mul_comba_20.c">
      <Filter>Source Files</Filter>
    </ClCompile>
    <ClCompile Include="..\libclamav\tomsfastmath\numtheory\fp_invmod.c">
      <Filter>Source Files</Filter>
    </ClCompile>
    <ClCompile Include="..\libclamav\tomsfastmath\addsub\fp_cmp_d.c">
      <Filter>Source Files</Filter>
    </ClCompile>
    <ClCompile Include="..\libclamav\tomsfastmath\sqr\fp_sqr_comba_9.c">
      <Filter>Source Files</Filter>
    </ClCompile>
    <ClCompile Include="..\libclamav\tomsfastmath\exptmod\fp_exptmod.c">
      <Filter>Source Files</Filter>
    </ClCompile>
    <ClCompile Include="..\libclamav\tomsfastmath\sqr\fp_sqr_comba_4.c">
      <Filter>Source Files</Filter>
    </ClCompile>
    <ClCompile Include="..\libclamav\tomsfastmath\divide\fp_div.c">
      <Filter>Source Files</Filter>
    </ClCompile>
    <ClCompile Include="..\libclamav\tomsfastmath\divide\fp_mod_d.c">
      <Filter>Source Files</Filter>
    </ClCompile>
    <ClCompile Include="..\libclamav\tomsfastmath\bin\fp_to_signed_bin.c">
      <Filter>Source Files</Filter>
    </ClCompile>
    <ClCompile Include="..\libclamav\tomsfastmath\bit\fp_mod_2d.c">
      <Filter>Source Files</Filter>
    </ClCompile>
    <ClCompile Include="..\libclamav\tomsfastmath\exptmod\fp_2expt.c">
      <Filter>Source Files</Filter>
    </ClCompile>
    <ClCompile Include="..\libclamav\tomsfastmath\bin\fp_read_unsigned_bin.c">
      <Filter>Source Files</Filter>
    </ClCompile>
    <ClCompile Include="..\libclamav\tomsfastmath\mul\fp_mul_comba_12.c">
      <Filter>Source Files</Filter>
    </ClCompile>
    <ClCompile Include="..\libclamav\tomsfastmath\mul\fp_mul_comba_7.c">
      <Filter>Source Files</Filter>
    </ClCompile>
    <ClCompile Include="..\libclamav\tomsfastmath\addsub\fp_submod.c">
      <Filter>Source Files</Filter>
    </ClCompile>
    <ClCompile Include="..\libclamav\tomsfastmath\sqr\fp_sqr_comba_48.c">
      <Filter>Source Files</Filter>
    </ClCompile>
    <ClCompile Include="..\libclamav\tomsfastmath\bin\fp_read_radix.c">
      <Filter>Source Files</Filter>
    </ClCompile>
    <ClCompile Include="..\libclamav\tomsfastmath\divide\fp_div_d.c">
      <Filter>Source Files</Filter>
    </ClCompile>
    <ClCompile Include="..\libclamav\tomsfastmath\addsub\fp_addmod.c">
      <Filter>Source Files</Filter>
    </ClCompile>
    <ClCompile Include="..\libclamav\tomsfastmath\addsub\fp_add_d.c">
      <Filter>Source Files</Filter>
    </ClCompile>
    <ClCompile Include="..\libclamav\tomsfastmath\addsub\fp_cmp_mag.c">
      <Filter>Source Files</Filter>
    </ClCompile>
    <ClCompile Include="..\libclamav\tomsfastmath\divide\fp_mod.c">
      <Filter>Source Files</Filter>
    </ClCompile>
    <ClCompile Include="..\libclamav\tomsfastmath\mul\fp_mul_2d.c">
      <Filter>Source Files</Filter>
    </ClCompile>
    <ClCompile Include="..\libclamav\tomsfastmath\addsub\s_fp_sub.c">
      <Filter>Source Files</Filter>
    </ClCompile>
    <ClCompile Include="..\libclamav\tomsfastmath\addsub\fp_sub.c">
      <Filter>Source Files</Filter>
    </ClCompile>
    <ClCompile Include="..\libclamav\tomsfastmath\bit\fp_count_bits.c">
      <Filter>Source Files</Filter>
    </ClCompile>
    <ClCompile Include="..\libclamav\tomsfastmath\bin\fp_unsigned_bin_size.c">
      <Filter>Source Files</Filter>
    </ClCompile>
    <ClCompile Include="..\libclamav\tomsfastmath\sqr\fp_sqr_comba_7.c">
      <Filter>Source Files</Filter>
    </ClCompile>
    <ClCompile Include="..\libclamav\tomsfastmath\mul\fp_mul_comba_3.c">
      <Filter>Source Files</Filter>
    </ClCompile>
    <ClCompile Include="..\libclamav\tomsfastmath\sqr\fp_sqr_comba_8.c">
      <Filter>Source Files</Filter>
    </ClCompile>
    <ClCompile Include="..\libclamav\tomsfastmath\bin\fp_signed_bin_size.c">
      <Filter>Source Files</Filter>
    </ClCompile>
    <ClCompile Include="..\libclamav\tomsfastmath\sqr\fp_sqr_comba_12.c">
      <Filter>Source Files</Filter>
    </ClCompile>
    <ClCompile Include="..\libclamav\tomsfastmath\bit\fp_rshd.c">
      <Filter>Source Files</Filter>
    </ClCompile>
    <ClCompile Include="..\libclamav\tomsfastmath\sqr\fp_sqr_comba_17.c">
      <Filter>Source Files</Filter>
    </ClCompile>
    <ClCompile Include="..\libclamav\tomsfastmath\addsub\fp_add.c">
      <Filter>Source Files</Filter>
    </ClCompile>
    <ClCompile Include="..\libclamav\tomsfastmath\mul\fp_mul_2.c">
      <Filter>Source Files</Filter>
    </ClCompile>
    <ClCompile Include="..\libclamav\tomsfastmath\sqr\fp_sqr_comba_3.c">
      <Filter>Source Files</Filter>
    </ClCompile>
    <ClCompile Include="..\libclamav\tomsfastmath\mul\fp_mul_comba_17.c">
      <Filter>Source Files</Filter>
    </ClCompile>
    <ClCompile Include="..\libclamav\tomsfastmath\mul\fp_mul_comba_28.c">
      <Filter>Source Files</Filter>
    </ClCompile>
    <ClCompile Include="..\libclamav\tomsfastmath\bin\fp_toradix.c">
      <Filter>Source Files</Filter>
    </ClCompile>
    <ClCompile Include="..\libclamav\tomsfastmath\bin\fp_toradix_n.c">
      <Filter>Source Files</Filter>
    </ClCompile>
    <ClCompile Include="..\libclamav\tomsfastmath\sqr\fp_sqr_comba_small_set.c">
      <Filter>Source Files</Filter>
    </ClCompile>
    <ClCompile Include="..\libclamav\tomsfastmath\mul\fp_mul_comba_8.c">
      <Filter>Source Files</Filter>
    </ClCompile>
    <ClCompile Include="..\libclamav\tomsfastmath\sqr\fp_sqr_comba_24.c">
      <Filter>Source Files</Filter>
    </ClCompile>
    <ClCompile Include="..\libclamav\tomsfastmath\misc\fp_set.c">
      <Filter>Source Files</Filter>
    </ClCompile>
    <ClCompile Include="..\libclamav\tomsfastmath\mul\fp_mul_comba_4.c">
      <Filter>Source Files</Filter>
    </ClCompile>
    <ClCompile Include="..\libclamav\tomsfastmath\mul\fp_mul_comba_6.c">
      <Filter>Source Files</Filter>
    </ClCompile>
    <ClCompile Include="..\libclamav\tomsfastmath\mul\fp_mul_d.c">
      <Filter>Source Files</Filter>
    </ClCompile>
    <ClCompile Include="..\libclamav\tomsfastmath\mul\fp_mul_comba_24.c">
      <Filter>Source Files</Filter>
    </ClCompile>
    <ClCompile Include="..\libclamav\tomsfastmath\mul\fp_mul_comba_48.c">
      <Filter>Source Files</Filter>
    </ClCompile>
    <ClCompile Include="..\libclamav\tomsfastmath\sqr\fp_sqr_comba_32.c">
      <Filter>Source Files</Filter>
    </ClCompile>
    <ClCompile Include="..\libclamav\tomsfastmath\bin\fp_s_rmap.c">
      <Filter>Source Files</Filter>
    </ClCompile>
    <ClCompile Include="..\libclamav\7z_iface.c">
      <Filter>Source Files</Filter>
    </ClCompile>
    <ClCompile Include="..\libclamav\7z\7zDec.c">
      <Filter>Source Files</Filter>
    </ClCompile>
    <ClCompile Include="..\libclamav\7z\7zAlloc.c">
      <Filter>Source Files</Filter>
    </ClCompile>
    <ClCompile Include="..\libclamav\7z\Ppmd7Dec.c">
      <Filter>Source Files</Filter>
    </ClCompile>
    <ClCompile Include="..\libclamav\asn1.c">
      <Filter>Source Files</Filter>
    </ClCompile>
    <ClCompile Include="..\libclamav\7z\7zBuf2.c">
      <Filter>Source Files</Filter>
    </ClCompile>
    <ClCompile Include="..\libclamav\7z\Ppmd7.c">
      <Filter>Source Files</Filter>
    </ClCompile>
    <ClCompile Include="..\libclamav\7z\7zIn.c">
      <Filter>Source Files</Filter>
    </ClCompile>
    <ClCompile Include="..\libclamav\7z\Lzma2Dec.c">
      <Filter>Source Files</Filter>
    </ClCompile>
    <ClCompile Include="..\libclamav\crtmgr.c">
      <Filter>Source Files</Filter>
    </ClCompile>
    <ClCompile Include="..\libclamav\rijndael.c">
      <Filter>Source Files</Filter>
    </ClCompile>
    <ClCompile Include="..\libclamav\iso9660.c">
      <Filter>Source Files</Filter>
    </ClCompile>
    <ClCompile Include="..\libclamav\arc4.c">
      <Filter>Source Files</Filter>
    </ClCompile>
    <ClCompile Include="..\libclamav\sf_base64decode.c">
      <Filter>Source Files</Filter>
    </ClCompile>
    <ClCompile Include="3rdparty\libxml2\buf.c">
      <Filter>Source Files\libxml2</Filter>
    </ClCompile>
    <ClCompile Include="3rdparty\libxml2\chvalid.c">
      <Filter>Source Files\libxml2</Filter>
    </ClCompile>
    <ClCompile Include="3rdparty\libxml2\dict.c">
      <Filter>Source Files\libxml2</Filter>
    </ClCompile>
    <ClCompile Include="3rdparty\libxml2\encoding.c">
      <Filter>Source Files\libxml2</Filter>
    </ClCompile>
    <ClCompile Include="3rdparty\libxml2\entities.c">
      <Filter>Source Files\libxml2</Filter>
    </ClCompile>
    <ClCompile Include="3rdparty\libxml2\error.c">
      <Filter>Source Files\libxml2</Filter>
    </ClCompile>
    <ClCompile Include="3rdparty\libxml2\globals.c">
      <Filter>Source Files\libxml2</Filter>
    </ClCompile>
    <ClCompile Include="3rdparty\libxml2\hash.c">
      <Filter>Source Files\libxml2</Filter>
    </ClCompile>
    <ClCompile Include="3rdparty\libxml2\HTMLparser.c">
      <Filter>Source Files\libxml2</Filter>
    </ClCompile>
    <ClCompile Include="3rdparty\libxml2\HTMLtree.c">
      <Filter>Source Files\libxml2</Filter>
    </ClCompile>
    <ClCompile Include="3rdparty\libxml2\list.c">
      <Filter>Source Files\libxml2</Filter>
    </ClCompile>
    <ClCompile Include="3rdparty\libxml2\parser.c">
      <Filter>Source Files\libxml2</Filter>
    </ClCompile>
    <ClCompile Include="3rdparty\libxml2\parserInternals.c">
      <Filter>Source Files\libxml2</Filter>
    </ClCompile>
    <ClCompile Include="3rdparty\libxml2\SAX.c">
      <Filter>Source Files\libxml2</Filter>
    </ClCompile>
    <ClCompile Include="3rdparty\libxml2\SAX2.c">
      <Filter>Source Files\libxml2</Filter>
    </ClCompile>
    <ClCompile Include="3rdparty\libxml2\threads.c">
      <Filter>Source Files\libxml2</Filter>
    </ClCompile>
    <ClCompile Include="3rdparty\libxml2\tree.c">
      <Filter>Source Files\libxml2</Filter>
    </ClCompile>
    <ClCompile Include="3rdparty\libxml2\uri.c">
      <Filter>Source Files\libxml2</Filter>
    </ClCompile>
    <ClCompile Include="3rdparty\libxml2\valid.c">
      <Filter>Source Files\libxml2</Filter>
    </ClCompile>
    <ClCompile Include="3rdparty\libxml2\xmlIO.c">
      <Filter>Source Files\libxml2</Filter>
    </ClCompile>
    <ClCompile Include="3rdparty\libxml2\xmlmemory.c">
      <Filter>Source Files\libxml2</Filter>
    </ClCompile>
    <ClCompile Include="3rdparty\libxml2\xmlreader.c">
      <Filter>Source Files\libxml2</Filter>
    </ClCompile>
    <ClCompile Include="3rdparty\libxml2\xmlsave.c">
      <Filter>Source Files\libxml2</Filter>
    </ClCompile>
    <ClCompile Include="3rdparty\libxml2\xmlstring.c">
      <Filter>Source Files\libxml2</Filter>
    </ClCompile>
    <ClCompile Include="..\libclamav\xz_iface.c">
      <Filter>Source Files</Filter>
    </ClCompile>
    <ClCompile Include="..\libclamav\7z\7zCrcOpt.c">
      <Filter>Source Files\7z</Filter>
    </ClCompile>
    <ClCompile Include="..\libclamav\7z\BraIA64.c">
      <Filter>Source Files\7z</Filter>
    </ClCompile>
    <ClCompile Include="..\libclamav\7z\CpuArch.c">
      <Filter>Source Files\7z</Filter>
    </ClCompile>
    <ClCompile Include="..\libclamav\7z\Delta.c">
      <Filter>Source Files\7z</Filter>
    </ClCompile>
    <ClCompile Include="..\libclamav\7z\Xz.c">
      <Filter>Source Files\7z</Filter>
    </ClCompile>
    <ClCompile Include="..\libclamav\7z\XzCrc64.c">
      <Filter>Source Files\7z</Filter>
    </ClCompile>
    <ClCompile Include="..\libclamav\7z\XzDec.c">
      <Filter>Source Files\7z</Filter>
    </ClCompile>
    <ClCompile Include="..\libclamav\7z\XzIn.c">
      <Filter>Source Files\7z</Filter>
    </ClCompile>
    <ClCompile Include="..\libclamav\fpu.c">
      <Filter>Source Files</Filter>
    </ClCompile>
    <ClCompile Include="..\libclamav\hostid.c">
      <Filter>Source Files</Filter>
    </ClCompile>
    <ClCompile Include="..\libclamav\stats_json.c">
      <Filter>Source Files</Filter>
    </ClCompile>
    <ClCompile Include="..\libclamav\stats.c">
      <Filter>Source Files</Filter>
    </ClCompile>
    <ClCompile Include="..\libclamav\www.c">
      <Filter>Source Files</Filter>
    </ClCompile>
    <ClCompile Include="..\libclamav\conv.c">
      <Filter>Source Files</Filter>
    </ClCompile>
    <ClCompile Include="..\libclamav\crypto.c">
      <Filter>Source Files</Filter>
    </ClCompile>
    <ClCompile Include="compat\strptime.c">
      <Filter>Source Files\compat</Filter>
    </ClCompile>
    <ClCompile Include="..\libclamav\openioc.c">
      <Filter>Source Files</Filter>
    </ClCompile>
    <ClCompile Include="..\libclamav\pdfng.c">
      <Filter>Source Files</Filter>
    </ClCompile>
    <ClCompile Include="..\libclamav\xdp.c">
      <Filter>Source Files</Filter>
    </ClCompile>
    <ClCompile Include="..\libclamav\yara_arena.c">
      <Filter>Source Files</Filter>
    </ClCompile>
    <ClCompile Include="..\libclamav\yara_exec.c">
      <Filter>Source Files</Filter>
    </ClCompile>
    <ClCompile Include="..\libclamav\yara_grammar.c">
      <Filter>Source Files</Filter>
    </ClCompile>
    <ClCompile Include="..\libclamav\yara_hash.c">
      <Filter>Source Files</Filter>
    </ClCompile>
    <ClCompile Include="..\libclamav\yara_lexer.c">
      <Filter>Source Files</Filter>
    </ClCompile>
    <ClCompile Include="..\libclamav\yara_parser.c">
      <Filter>Source Files</Filter>
    </ClCompile>
    <ClCompile Include="..\libclamav\yara_compiler.c">
      <Filter>Source Files</Filter>
    </ClCompile>
    <ClCompile Include="..\libclamav\regex_pcre.c">
      <Filter>Source Files</Filter>
    </ClCompile>
    <ClCompile Include="..\libclamav\tiff.c">
      <Filter>Source Files</Filter>
    </ClCompile>
    <ClCompile Include="..\libclamav\hwp.c">
      <Filter>Source Files</Filter>
    </ClCompile>
    <ClCompile Include="3rdparty\pcre2\pcre2_auto_possess.c">
      <Filter>Source Files\pcre2</Filter>
    </ClCompile>
    <ClCompile Include="3rdparty\pcre2\pcre2_compile.c">
      <Filter>Source Files\pcre2</Filter>
    </ClCompile>
    <ClCompile Include="3rdparty\pcre2\pcre2_config.c">
      <Filter>Source Files\pcre2</Filter>
    </ClCompile>
    <ClCompile Include="3rdparty\pcre2\pcre2_context.c">
      <Filter>Source Files\pcre2</Filter>
    </ClCompile>
    <ClCompile Include="3rdparty\pcre2\pcre2_convert.c">
      <Filter>Source Files\pcre2</Filter>
    </ClCompile>
    <ClCompile Include="3rdparty\pcre2\pcre2_dfa_match.c">
      <Filter>Source Files\pcre2</Filter>
    </ClCompile>
    <ClCompile Include="3rdparty\pcre2\pcre2_error.c">
      <Filter>Source Files\pcre2</Filter>
    </ClCompile>
    <ClCompile Include="3rdparty\pcre2\pcre2_extuni.c">
      <Filter>Source Files\pcre2</Filter>
    </ClCompile>
    <ClCompile Include="3rdparty\pcre2\pcre2_find_bracket.c">
      <Filter>Source Files\pcre2</Filter>
    </ClCompile>
    <ClCompile Include="3rdparty\pcre2\pcre2_maketables.c">
      <Filter>Source Files\pcre2</Filter>
    </ClCompile>
    <ClCompile Include="3rdparty\pcre2\pcre2_match.c">
      <Filter>Source Files\pcre2</Filter>
    </ClCompile>
    <ClCompile Include="3rdparty\pcre2\pcre2_match_data.c">
      <Filter>Source Files\pcre2</Filter>
    </ClCompile>
    <ClCompile Include="3rdparty\pcre2\pcre2_newline.c">
      <Filter>Source Files\pcre2</Filter>
    </ClCompile>
    <ClCompile Include="3rdparty\pcre2\pcre2_ord2utf.c">
      <Filter>Source Files\pcre2</Filter>
    </ClCompile>
    <ClCompile Include="3rdparty\pcre2\pcre2_pattern_info.c">
      <Filter>Source Files\pcre2</Filter>
    </ClCompile>
    <ClCompile Include="3rdparty\pcre2\pcre2_serialize.c">
      <Filter>Source Files\pcre2</Filter>
    </ClCompile>
    <ClCompile Include="3rdparty\pcre2\pcre2_string_utils.c">
      <Filter>Source Files\pcre2</Filter>
    </ClCompile>
    <ClCompile Include="3rdparty\pcre2\pcre2_study.c">
      <Filter>Source Files\pcre2</Filter>
    </ClCompile>
    <ClCompile Include="3rdparty\pcre2\pcre2_substitute.c">
      <Filter>Source Files\pcre2</Filter>
    </ClCompile>
    <ClCompile Include="3rdparty\pcre2\pcre2_substring.c">
      <Filter>Source Files\pcre2</Filter>
    </ClCompile>
    <ClCompile Include="3rdparty\pcre2\pcre2_tables.c">
      <Filter>Source Files\pcre2</Filter>
    </ClCompile>
    <ClCompile Include="3rdparty\pcre2\pcre2_ucd.c">
      <Filter>Source Files\pcre2</Filter>
    </ClCompile>
    <ClCompile Include="3rdparty\pcre2\pcre2_valid_utf.c">
      <Filter>Source Files\pcre2</Filter>
    </ClCompile>
    <ClCompile Include="3rdparty\pcre2\pcre2_xclass.c">
      <Filter>Source Files\pcre2</Filter>
    </ClCompile>
    <ClCompile Include="3rdparty\pcre2\pcre2_jit_compile.c">
      <Filter>Source Files\pcre2</Filter>
    </ClCompile>
    <ClCompile Include="3rdparty\pcre2\pcre2_chartables.c">
      <Filter>Source Files\pcre2</Filter>
    </ClCompile>
    <ClCompile Include="3rdparty\libxml2\catalog.c">
      <Filter>Source Files\libxml2</Filter>
    </ClCompile>
    <ClCompile Include="3rdparty\libxml2\xmlschemas.c">
      <Filter>Source Files\libxml2</Filter>
    </ClCompile>
    <ClCompile Include="3rdparty\libxml2\xmlschemastypes.c">
      <Filter>Source Files\libxml2</Filter>
    </ClCompile>
    <ClCompile Include="3rdparty\libxml2\relaxng.c">
      <Filter>Source Files\libxml2</Filter>
    </ClCompile>
    <ClCompile Include="3rdparty\libxml2\xpath.c">
      <Filter>Source Files\libxml2</Filter>
    </ClCompile>
    <ClCompile Include="3rdparty\libxml2\trio.c">
      <Filter>Source Files\libxml2</Filter>
    </ClCompile>
    <ClCompile Include="3rdparty\libxml2\trionan.c">
      <Filter>Source Files\libxml2</Filter>
    </ClCompile>
    <ClCompile Include="3rdparty\libxml2\triostr.c">
      <Filter>Source Files\libxml2</Filter>
    </ClCompile>
    <ClCompile Include="3rdparty\libxml2\xinclude.c">
      <Filter>Source Files\libxml2</Filter>
    </ClCompile>
    <ClCompile Include="3rdparty\libxml2\xlink.c">
      <Filter>Source Files\libxml2</Filter>
    </ClCompile>
    <ClCompile Include="3rdparty\libxml2\xmllint.c">
      <Filter>Source Files\libxml2</Filter>
    </ClCompile>
    <ClCompile Include="3rdparty\libxml2\xmlmodule.c">
      <Filter>Source Files\libxml2</Filter>
    </ClCompile>
    <ClCompile Include="3rdparty\libxml2\xmlregexp.c">
      <Filter>Source Files\libxml2</Filter>
    </ClCompile>
    <ClCompile Include="3rdparty\libxml2\xmlunicode.c">
      <Filter>Source Files\libxml2</Filter>
    </ClCompile>
    <ClCompile Include="3rdparty\libxml2\xmlwriter.c">
      <Filter>Source Files\libxml2</Filter>
    </ClCompile>
    <ClCompile Include="3rdparty\libxml2\xpointer.c">
      <Filter>Source Files\libxml2</Filter>
    </ClCompile>
    <ClCompile Include="3rdparty\libxml2\xzlib.c">
      <Filter>Source Files\libxml2</Filter>
    </ClCompile>
    <ClCompile Include="3rdparty\libxml2\c14n.c">
      <Filter>Source Files\libxml2</Filter>
    </ClCompile>
    <ClCompile Include="3rdparty\libxml2\debugXML.c">
      <Filter>Source Files\libxml2</Filter>
    </ClCompile>
    <ClCompile Include="3rdparty\libxml2\DOCBparser.c">
      <Filter>Source Files\libxml2</Filter>
    </ClCompile>
    <ClCompile Include="3rdparty\libxml2\legacy.c">
      <Filter>Source Files\libxml2</Filter>
    </ClCompile>
    <ClCompile Include="3rdparty\libxml2\nanohttp.c">
      <Filter>Source Files\libxml2</Filter>
    </ClCompile>
    <ClCompile Include="3rdparty\libxml2\pattern.c">
      <Filter>Source Files\libxml2</Filter>
    </ClCompile>
    <ClCompile Include="3rdparty\libxml2\schematron.c">
      <Filter>Source Files\libxml2</Filter>
    </ClCompile>
    <ClCompile Include="3rdparty\libxml2\nanoftp.c">
      <Filter>Source Files\libxml2</Filter>
    </ClCompile>
    <ClCompile Include="..\libclamav\matcher-byte-comp.c">
      <Filter>Source Files</Filter>
    </ClCompile>
  </ItemGroup>
  <ItemGroup>
    <ClInclude Include="..\libclamav\hostid.h">
      <Filter>Source Files</Filter>
    </ClInclude>
    <ClInclude Include="..\libclamav\stats.h">
      <Filter>Source Files</Filter>
    </ClInclude>
    <ClInclude Include="..\libclamav\www.h">
      <Filter>Source Files</Filter>
    </ClInclude>
    <ClInclude Include="..\libclamav\xdp.h">
      <Filter>Source Files</Filter>
    </ClInclude>
    <ClInclude Include="3rdparty\pcre2\pcre2_internal.h">
      <Filter>Source Files\pcre2</Filter>
    </ClInclude>
    <ClInclude Include="3rdparty\pcre2\pcre2_intmodedep.h">
      <Filter>Source Files\pcre2</Filter>
    </ClInclude>
    <ClInclude Include="3rdparty\pcre2\pcre2_ucp.h">
      <Filter>Source Files\pcre2</Filter>
    </ClInclude>
  </ItemGroup>
  <ItemGroup>
    <Library Include="libcrypto.lib" />
    <Library Include="libssl.lib" />
  </ItemGroup>
</Project>