<?xml version="1.0" encoding="utf-8"?>
<Project ToolsVersion="4.0" xmlns="http://schemas.microsoft.com/developer/msbuild/2003">
  <ItemGroup>
    <Filter Include="Source Files">
      <UniqueIdentifier>{4FC737F1-C7A5-4376-A066-2A32D752A2FF}</UniqueIdentifier>
      <Extensions>cpp;c;cc;cxx;def;odl;idl;hpj;bat;asm;asmx</Extensions>
    </Filter>
    <Filter Include="Resource Files">
      <UniqueIdentifier>{67DA6AB6-F800-4c08-8B7A-83BB121AAD01}</UniqueIdentifier>
      <Extensions>rc;ico;cur;bmp;dlg;rc2;rct;bin;rgs;gif;jpg;jpeg;jpe;resx;tiff;tif;png;wav;mfcribbon-ms</Extensions>
    </Filter>
  </ItemGroup>
  <ItemGroup>
    <ResourceCompile Include="..\libclamunrar\dll.rc">
      <Filter>Resource Files</Filter>
    </ResourceCompile>
  </ItemGroup>
  <ItemGroup>
    <ClCompile Include="..\libclamunrar\archive.cpp">
      <Filter>Source Files</Filter>
    </ClCompile>
    <ClCompile Include="..\libclamunrar\arcread.cpp">
      <Filter>Source Files</Filter>
    </ClCompile>
    <ClCompile Include="..\libclamunrar\blake2s.cpp">
      <Filter>Source Files</Filter>
    </ClCompile>
    <ClCompile Include="..\libclamunrar\cmddata.cpp">
      <Filter>Source Files</Filter>
    </ClCompile>
    <ClCompile Include="..\libclamunrar\consio.cpp">
      <Filter>Source Files</Filter>
    </ClCompile>
    <ClCompile Include="..\libclamunrar\crc.cpp">
      <Filter>Source Files</Filter>
    </ClCompile>
    <ClCompile Include="..\libclamunrar\crypt.cpp">
      <Filter>Source Files</Filter>
    </ClCompile>
    <ClCompile Include="..\libclamunrar\dll.cpp">
      <Filter>Source Files</Filter>
    </ClCompile>
    <ClCompile Include="..\libclamunrar\encname.cpp">
      <Filter>Source Files</Filter>
    </ClCompile>
    <ClCompile Include="..\libclamunrar\errhnd.cpp">
      <Filter>Source Files</Filter>
    </ClCompile>
    <ClCompile Include="..\libclamunrar\extinfo.cpp">
      <Filter>Source Files</Filter>
    </ClCompile>
    <ClCompile Include="..\libclamunrar\extract.cpp">
      <Filter>Source Files</Filter>
    </ClCompile>
    <ClCompile Include="..\libclamunrar\filcreat.cpp">
      <Filter>Source Files</Filter>
    </ClCompile>
    <ClCompile Include="..\libclamunrar\file.cpp">
      <Filter>Source Files</Filter>
    </ClCompile>
    <ClCompile Include="..\libclamunrar\filefn.cpp">
      <Filter>Source Files</Filter>
    </ClCompile>
    <ClCompile Include="..\libclamunrar\filestr.cpp">
      <Filter>Source Files</Filter>
    </ClCompile>
    <ClCompile Include="..\libclamunrar\find.cpp">
      <Filter>Source Files</Filter>
    </ClCompile>
    <ClCompile Include="..\libclamunrar\getbits.cpp">
      <Filter>Source Files</Filter>
    </ClCompile>
    <ClCompile Include="..\libclamunrar\global.cpp">
      <Filter>Source Files</Filter>
    </ClCompile>
    <ClCompile Include="..\libclamunrar\hash.cpp">
      <Filter>Source Files</Filter>
    </ClCompile>
    <ClCompile Include="..\libclamunrar\headers.cpp">
      <Filter>Source Files</Filter>
    </ClCompile>
    <ClCompile Include="..\libclamunrar\isnt.cpp">
      <Filter>Source Files</Filter>
    </ClCompile>
    <ClCompile Include="..\libclamunrar\match.cpp">
      <Filter>Source Files</Filter>
    </ClCompile>
    <ClCompile Include="..\libclamunrar\options.cpp">
      <Filter>Source Files</Filter>
    </ClCompile>
    <ClCompile Include="..\libclamunrar\pathfn.cpp">
      <Filter>Source Files</Filter>
    </ClCompile>
    <ClCompile Include="..\libclamunrar\qopen.cpp">
      <Filter>Source Files</Filter>
    </ClCompile>
    <ClCompile Include="..\libclamunrar\rar.cpp">
      <Filter>Source Files</Filter>
    </ClCompile>
    <ClCompile Include="..\libclamunrar\rarvm.cpp">
      <Filter>Source Files</Filter>
    </ClCompile>
    <ClCompile Include="..\libclamunrar\rawread.cpp">
      <Filter>Source Files</Filter>
    </ClCompile>
    <ClCompile Include="..\libclamunrar\rdwrfn.cpp">
      <Filter>Source Files</Filter>
    </ClCompile>
    <ClCompile Include="..\libclamunrar\rijndael.cpp">
      <Filter>Source Files</Filter>
    </ClCompile>
    <ClCompile Include="..\libclamunrar\rs.cpp">
      <Filter>Source Files</Filter>
    </ClCompile>
    <ClCompile Include="..\libclamunrar\rs16.cpp">
      <Filter>Source Files</Filter>
    </ClCompile>
    <ClCompile Include="..\libclamunrar\scantree.cpp">
      <Filter>Source Files</Filter>
    </ClCompile>
    <ClCompile Include="..\libclamunrar\secpassword.cpp">
      <Filter>Source Files</Filter>
    </ClCompile>
    <ClCompile Include="..\libclamunrar\sha1.cpp">
      <Filter>Source Files</Filter>
    </ClCompile>
    <ClCompile Include="..\libclamunrar\sha256.cpp">
      <Filter>Source Files</Filter>
    </ClCompile>
    <ClCompile Include="..\libclamunrar\smallfn.cpp">
      <Filter>Source Files</Filter>
    </ClCompile>
    <ClCompile Include="..\libclamunrar\strfn.cpp">
      <Filter>Source Files</Filter>
    </ClCompile>
    <ClCompile Include="..\libclamunrar\strlist.cpp">
      <Filter>Source Files</Filter>
    </ClCompile>
    <ClCompile Include="..\libclamunrar\system.cpp">
      <Filter>Source Files</Filter>
    </ClCompile>
    <ClCompile Include="..\libclamunrar\threadpool.cpp">
      <Filter>Source Files</Filter>
    </ClCompile>
    <ClCompile Include="..\libclamunrar\timefn.cpp">
      <Filter>Source Files</Filter>
    </ClCompile>
    <ClCompile Include="..\libclamunrar\ui.cpp">
      <Filter>Source Files</Filter>
    </ClCompile>
    <ClCompile Include="..\libclamunrar\unicode.cpp">
      <Filter>Source Files</Filter>
    </ClCompile>
    <ClCompile Include="..\libclamunrar\unpack.cpp">
      <Filter>Source Files</Filter>
    </ClCompile>
    <ClCompile Include="..\libclamunrar\volume.cpp">
      <Filter>Source Files</Filter>
    </ClCompile>
    <ClCompile Include="..\libclamunrar\rarpch.cpp">
      <Filter>Source Files</Filter>
    </ClCompile>
  </ItemGroup>
  <ItemGroup>
    <ClInclude Include="..\libclamunrar\rar.hpp" />
  </ItemGroup>
</Project>