<?xml version="1.0" encoding="utf-8"?>
<Project ToolsVersion="4.0" xmlns="http://schemas.microsoft.com/developer/msbuild/2003">
  <ItemGroup>
    <Filter Include="Source Files">
      <UniqueIdentifier>{4FC737F1-C7A5-4376-A066-2A32D752A2FF}</UniqueIdentifier>
      <Extensions>cpp;c;cc;cxx;def;odl;idl;hpj;bat;asm;asmx</Extensions>
    </Filter>
  </ItemGroup>
  <ItemGroup>
    <ClCompile Include="..\libclamav\c++\llvm\lib\Transforms\Utils\AddrModeMatcher.cpp">
      <Filter>Source Files</Filter>
    </ClCompile>
    <ClCompile Include="..\libclamav\c++\llvm\lib\CodeGen\LiveVariables.cpp">
      <Filter>Source Files</Filter>
    </ClCompile>
    <ClCompile Include="..\libclamav\c++\llvm\lib\Transforms\Scalar\LoopStrengthReduce.cpp">
      <Filter>Source Files</Filter>
    </ClCompile>
    <ClCompile Include="..\libclamav\c++\llvm\lib\CodeGen\StackSlotColoring.cpp">
      <Filter>Source Files</Filter>
    </ClCompile>
    <ClCompile Include="..\libclamav\c++\llvm\lib\CodeGen\StrongPHIElimination.cpp">
      <Filter>Source Files</Filter>
    </ClCompile>
    <ClCompile Include="..\libclamav\c++\llvm\lib\CodeGen\TwoAddressInstructionPass.cpp">
      <Filter>Source Files</Filter>
    </ClCompile>
    <ClCompile Include="..\libclamav\c++\llvm\lib\CodeGen\MachineVerifier.cpp">
      <Filter>Source Files</Filter>
    </ClCompile>
    <ClCompile Include="..\libclamav\c++\llvm\lib\CodeGen\SelectionDAG\LegalizeVectorOps.cpp">
      <Filter>Source Files</Filter>
    </ClCompile>
    <ClCompile Include="..\libclamav\c++\llvm\lib\CodeGen\GCStrategy.cpp">
      <Filter>Source Files</Filter>
    </ClCompile>
    <ClCompile Include="..\libclamav\c++\llvm\lib\CodeGen\LiveIntervalAnalysis.cpp">
      <Filter>Source Files</Filter>
    </ClCompile>
    <ClCompile Include="..\libclamav\c++\llvm\lib\CodeGen\ProcessImplicitDefs.cpp">
      <Filter>Source Files</Filter>
    </ClCompile>
    <ClCompile Include="..\libclamav\c++\llvm\lib\MC\MCMachOStreamer.cpp">
      <Filter>Source Files</Filter>
    </ClCompile>
    <ClCompile Include="..\libclamav\c++\llvm\lib\Transforms\Utils\BasicBlockUtils.cpp">
      <Filter>Source Files</Filter>
    </ClCompile>
    <ClCompile Include="..\libclamav\c++\llvm\lib\Transforms\Utils\BreakCriticalEdges.cpp">
      <Filter>Source Files</Filter>
    </ClCompile>
    <ClCompile Include="..\libclamav\c++\llvm\lib\CodeGen\LowerSubregs.cpp">
      <Filter>Source Files</Filter>
    </ClCompile>
    <ClCompile Include="..\libclamav\c++\llvm\lib\Analysis\LoopPass.cpp">
      <Filter>Source Files</Filter>
    </ClCompile>
    <ClCompile Include="..\libclamav\c++\llvm\lib\CodeGen\CriticalAntiDepBreaker.cpp">
      <Filter>Source Files</Filter>
    </ClCompile>
    <ClCompile Include="..\libclamav\c++\llvm\lib\CodeGen\SelectionDAG\TargetLowering.cpp">
      <Filter>Source Files</Filter>
    </ClCompile>
    <ClCompile Include="..\libclamav\c++\llvm\lib\CodeGen\LiveStackAnalysis.cpp">
      <Filter>Source Files</Filter>
    </ClCompile>
    <ClCompile Include="..\libclamav\c++\llvm\lib\Transforms\Utils\LowerSwitch.cpp">
      <Filter>Source Files</Filter>
    </ClCompile>
    <ClCompile Include="..\libclamav\c++\llvm\lib\CodeGen\SelectionDAG\FastISel.cpp">
      <Filter>Source Files</Filter>
    </ClCompile>
    <ClCompile Include="..\libclamav\c++\llvm\lib\CodeGen\ScheduleDAGPrinter.cpp">
      <Filter>Source Files</Filter>
    </ClCompile>
    <ClCompile Include="..\libclamav\c++\llvm\lib\CodeGen\SelectionDAG\ScheduleDAGList.cpp">
      <Filter>Source Files</Filter>
    </ClCompile>
    <ClCompile Include="..\libclamav\c++\llvm\lib\CodeGen\MachineModuleInfoImpls.cpp">
      <Filter>Source Files</Filter>
    </ClCompile>
    <ClCompile Include="..\libclamav\c++\llvm\lib\CodeGen\Spiller.cpp">
      <Filter>Source Files</Filter>
    </ClCompile>
    <ClCompile Include="..\libclamav\c++\llvm\lib\Analysis\ProfileInfo.cpp">
      <Filter>Source Files</Filter>
    </ClCompile>
    <ClCompile Include="..\libclamav\c++\llvm\lib\CodeGen\SelectionDAG\LegalizeTypes.cpp">
      <Filter>Source Files</Filter>
    </ClCompile>
    <ClCompile Include="..\libclamav\c++\llvm\lib\CodeGen\SelectionDAG\ScheduleDAGFast.cpp">
      <Filter>Source Files</Filter>
    </ClCompile>
    <ClCompile Include="..\libclamav\c++\llvm\lib\CodeGen\AsmPrinter\DIE.cpp">
      <Filter>Source Files</Filter>
    </ClCompile>
    <ClCompile Include="..\libclamav\c++\llvm\lib\CodeGen\MachineSSAUpdater.cpp">
      <Filter>Source Files</Filter>
    </ClCompile>
    <ClCompile Include="..\libclamav\c++\llvm\lib\CodeGen\SelectionDAG\InstrEmitter.cpp">
      <Filter>Source Files</Filter>
    </ClCompile>
    <ClCompile Include="..\libclamav\c++\llvm\lib\MC\MCAssembler.cpp">
      <Filter>Source Files</Filter>
    </ClCompile>
    <ClCompile Include="..\libclamav\c++\llvm\lib\Transforms\Utils\Mem2Reg.cpp">
      <Filter>Source Files</Filter>
    </ClCompile>
    <ClCompile Include="..\libclamav\c++\llvm\lib\CodeGen\SelectionDAG\SelectionDAGISel.cpp">
      <Filter>Source Files</Filter>
    </ClCompile>
    <ClCompile Include="..\libclamav\c++\llvm\lib\CodeGen\ScheduleDAGInstrs.cpp">
      <Filter>Source Files</Filter>
    </ClCompile>
    <ClCompile Include="..\libclamav\c++\llvm\lib\CodeGen\AsmPrinter\DwarfLabel.cpp">
      <Filter>Source Files</Filter>
    </ClCompile>
    <ClCompile Include="..\libclamav\c++\llvm\lib\CodeGen\MachineSink.cpp">
      <Filter>Source Files</Filter>
    </ClCompile>
    <ClCompile Include="..\libclamav\c++\llvm\lib\CodeGen\MachineLoopInfo.cpp">
      <Filter>Source Files</Filter>
    </ClCompile>
    <ClCompile Include="..\libclamav\c++\llvm\lib\CodeGen\PHIElimination.cpp">
      <Filter>Source Files</Filter>
    </ClCompile>
    <ClCompile Include="..\libclamav\c++\llvm\lib\MC\MCAsmInfoDarwin.cpp">
      <Filter>Source Files</Filter>
    </ClCompile>
    <ClCompile Include="..\libclamav\c++\llvm\lib\Transforms\Utils\Local.cpp">
      <Filter>Source Files</Filter>
    </ClCompile>
    <ClCompile Include="..\libclamav\c++\llvm\lib\Analysis\ScalarEvolutionExpander.cpp">
      <Filter>Source Files</Filter>
    </ClCompile>
    <ClCompile Include="..\libclamav\c++\llvm\lib\CodeGen\PreAllocSplitting.cpp">
      <Filter>Source Files</Filter>
    </ClCompile>
    <ClCompile Include="..\libclamav\c++\llvm\lib\CodeGen\OptimizePHIs.cpp">
      <Filter>Source Files</Filter>
    </ClCompile>
    <ClCompile Include="..\libclamav\c++\llvm\lib\CodeGen\Passes.cpp">
      <Filter>Source Files</Filter>
    </ClCompile>
    <ClCompile Include="..\libclamav\c++\llvm\lib\CodeGen\SelectionDAG\SelectionDAGPrinter.cpp">
      <Filter>Source Files</Filter>
    </ClCompile>
    <ClCompile Include="..\libclamav\c++\llvm\lib\Transforms\Utils\LowerInvoke.cpp">
      <Filter>Source Files</Filter>
    </ClCompile>
    <ClCompile Include="..\libclamav\c++\llvm\lib\CodeGen\SelectionDAG\LegalizeFloatTypes.cpp">
      <Filter>Source Files</Filter>
    </ClCompile>
    <ClCompile Include="..\libclamav\c++\llvm\lib\CodeGen\SelectionDAG\ScheduleDAGRRList.cpp">
      <Filter>Source Files</Filter>
    </ClCompile>
    <ClCompile Include="..\libclamav\c++\llvm\lib\Transforms\Utils\SimplifyCFG.cpp">
      <Filter>Source Files</Filter>
    </ClCompile>
    <ClCompile Include="..\libclamav\c++\llvm\lib\CodeGen\RegisterCoalescer.cpp">
      <Filter>Source Files</Filter>
    </ClCompile>
    <ClCompile Include="..\libclamav\c++\llvm\lib\CodeGen\MachineLICM.cpp">
      <Filter>Source Files</Filter>
    </ClCompile>
    <ClCompile Include="..\libclamav\c++\llvm\lib\Transforms\Utils\LCSSA.cpp">
      <Filter>Source Files</Filter>
    </ClCompile>
    <ClCompile Include="..\libclamav\c++\llvm\lib\Transforms\Utils\DemoteRegToStack.cpp">
      <Filter>Source Files</Filter>
    </ClCompile>
    <ClCompile Include="..\libclamav\c++\llvm\lib\Transforms\Utils\UnifyFunctionExitNodes.cpp">
      <Filter>Source Files</Filter>
    </ClCompile>
    <ClCompile Include="..\libclamav\c++\llvm\lib\CodeGen\AsmPrinter\AsmPrinter.cpp">
      <Filter>Source Files</Filter>
    </ClCompile>
    <ClCompile Include="..\libclamav\c++\llvm\lib\CodeGen\SelectionDAG\CallingConvLower.cpp">
      <Filter>Source Files</Filter>
    </ClCompile>
    <ClCompile Include="..\libclamav\c++\llvm\lib\CodeGen\SelectionDAG\LegalizeTypesGeneric.cpp">
      <Filter>Source Files</Filter>
    </ClCompile>
    <ClCompile Include="..\libclamav\c++\llvm\lib\CodeGen\SelectionDAG\FunctionLoweringInfo.cpp">
      <Filter>Source Files</Filter>
    </ClCompile>
    <ClCompile Include="..\libclamav\c++\llvm\lib\Target\TargetSubtarget.cpp">
      <Filter>Source Files</Filter>
    </ClCompile>
    <ClCompile Include="..\libclamav\c++\llvm\lib\Transforms\Scalar\GEPSplitter.cpp">
      <Filter>Source Files</Filter>
    </ClCompile>
    <ClCompile Include="..\libclamav\c++\llvm\lib\Analysis\LoopInfo.cpp">
      <Filter>Source Files</Filter>
    </ClCompile>
    <ClCompile Include="..\libclamav\c++\llvm\lib\Transforms\Utils\LoopSimplify.cpp">
      <Filter>Source Files</Filter>
    </ClCompile>
    <ClCompile Include="..\libclamav\c++\llvm\lib\Analysis\PHITransAddr.cpp">
      <Filter>Source Files</Filter>
    </ClCompile>
    <ClCompile Include="..\libclamav\c++\llvm\lib\Transforms\Utils\PromoteMemoryToRegister.cpp">
      <Filter>Source Files</Filter>
    </ClCompile>
    <ClCompile Include="..\libclamav\c++\llvm\lib\CodeGen\AsmPrinter\DwarfException.cpp">
      <Filter>Source Files</Filter>
    </ClCompile>
    <ClCompile Include="..\libclamav\c++\llvm\lib\CodeGen\MachinePassRegistry.cpp">
      <Filter>Source Files</Filter>
    </ClCompile>
    <ClCompile Include="..\libclamav\c++\llvm\lib\CodeGen\ScheduleDAGEmit.cpp">
      <Filter>Source Files</Filter>
    </ClCompile>
    <ClCompile Include="..\libclamav\c++\llvm\lib\MC\MCNullStreamer.cpp">
      <Filter>Source Files</Filter>
    </ClCompile>
    <ClCompile Include="..\libclamav\c++\llvm\lib\CodeGen\SelectionDAG\SelectionDAG.cpp">
      <Filter>Source Files</Filter>
    </ClCompile>
    <ClCompile Include="..\libclamav\c++\llvm\lib\CodeGen\StackProtector.cpp">
      <Filter>Source Files</Filter>
    </ClCompile>
    <ClCompile Include="..\libclamav\c++\llvm\lib\Analysis\InstructionSimplify.cpp">
      <Filter>Source Files</Filter>
    </ClCompile>
    <ClCompile Include="..\libclamav\c++\llvm\lib\CodeGen\LLVMTargetMachine.cpp">
      <Filter>Source Files</Filter>
    </ClCompile>
    <ClCompile Include="..\libclamav\c++\llvm\lib\CodeGen\SelectionDAG\SelectionDAGBuilder.cpp">
      <Filter>Source Files</Filter>
    </ClCompile>
    <ClCompile Include="..\libclamav\c++\llvm\lib\CodeGen\SelectionDAG\DAGCombiner.cpp">
      <Filter>Source Files</Filter>
    </ClCompile>
    <ClCompile Include="..\libclamav\c++\llvm\lib\CodeGen\PostRASchedulerList.cpp">
      <Filter>Source Files</Filter>
    </ClCompile>
    <ClCompile Include="..\libclamav\c++\llvm\lib\CodeGen\TargetLoweringObjectFileImpl.cpp">
      <Filter>Source Files</Filter>
    </ClCompile>
    <ClCompile Include="..\libclamav\c++\llvm\lib\CodeGen\TailDuplication.cpp">
      <Filter>Source Files</Filter>
    </ClCompile>
    <ClCompile Include="..\libclamav\c++\llvm\lib\CodeGen\LiveInterval.cpp">
      <Filter>Source Files</Filter>
    </ClCompile>
    <ClCompile Include="..\libclamav\c++\llvm\lib\MC\MCAsmStreamer.cpp">
      <Filter>Source Files</Filter>
    </ClCompile>
    <ClCompile Include="..\libclamav\c++\llvm\lib\CodeGen\AsmPrinter\DwarfDebug.cpp">
      <Filter>Source Files</Filter>
    </ClCompile>
    <ClCompile Include="..\libclamav\c++\llvm\lib\CodeGen\SelectionDAG\LegalizeVectorTypes.cpp">
      <Filter>Source Files</Filter>
    </ClCompile>
    <ClCompile Include="..\libclamav\c++\llvm\lib\CodeGen\SjLjEHPrepare.cpp">
      <Filter>Source Files</Filter>
    </ClCompile>
    <ClCompile Include="..\libclamav\c++\llvm\lib\CodeGen\ShrinkWrapping.cpp">
      <Filter>Source Files</Filter>
    </ClCompile>
    <ClCompile Include="..\libclamav\c++\llvm\lib\CodeGen\AggressiveAntiDepBreaker.cpp">
      <Filter>Source Files</Filter>
    </ClCompile>
    <ClCompile Include="..\libclamav\c++\llvm\lib\CodeGen\CodePlacementOpt.cpp">
      <Filter>Source Files</Filter>
    </ClCompile>
    <ClCompile Include="..\libclamav\c++\llvm\lib\Transforms\Utils\SSAUpdater.cpp">
      <Filter>Source Files</Filter>
    </ClCompile>
    <ClCompile Include="..\libclamav\c++\llvm\lib\CodeGen\ExactHazardRecognizer.cpp">
      <Filter>Source Files</Filter>
    </ClCompile>
    <ClCompile Include="..\libclamav\c++\llvm\lib\CodeGen\GCMetadata.cpp">
      <Filter>Source Files</Filter>
    </ClCompile>
    <ClCompile Include="..\libclamav\c++\llvm\lib\CodeGen\SimpleRegisterCoalescing.cpp">
      <Filter>Source Files</Filter>
    </ClCompile>
    <ClCompile Include="..\libclamav\c++\llvm\lib\Analysis\ScalarEvolution.cpp">
      <Filter>Source Files</Filter>
    </ClCompile>
    <ClCompile Include="..\libclamav\c++\llvm\lib\CodeGen\DeadMachineInstructionElim.cpp">
      <Filter>Source Files</Filter>
    </ClCompile>
    <ClCompile Include="..\libclamav\c++\llvm\lib\Analysis\ConstantFolding.cpp">
      <Filter>Source Files</Filter>
    </ClCompile>
    <ClCompile Include="..\libclamav\c++\llvm\lib\Analysis\AliasSetTracker.cpp">
      <Filter>Source Files</Filter>
    </ClCompile>
    <ClCompile Include="..\libclamav\c++\llvm\lib\CodeGen\SelectionDAG\ScheduleDAGSDNodes.cpp">
      <Filter>Source Files</Filter>
    </ClCompile>
    <ClCompile Include="..\libclamav\c++\llvm\lib\MC\MCSectionMachO.cpp">
      <Filter>Source Files</Filter>
    </ClCompile>
    <ClCompile Include="..\libclamav\c++\llvm\lib\CodeGen\ScheduleDAG.cpp">
      <Filter>Source Files</Filter>
    </ClCompile>
    <ClCompile Include="..\libclamav\c++\llvm\lib\CodeGen\OptimizeExts.cpp">
      <Filter>Source Files</Filter>
    </ClCompile>
    <ClCompile Include="..\libclamav\c++\llvm\lib\CodeGen\UnreachableBlockElim.cpp">
      <Filter>Source Files</Filter>
    </ClCompile>
    <ClCompile Include="..\libclamav\c++\llvm\lib\CodeGen\AsmPrinter\DwarfWriter.cpp">
      <Filter>Source Files</Filter>
    </ClCompile>
    <ClCompile Include="..\libclamav\c++\llvm\lib\CodeGen\SelectionDAG\LegalizeDAG.cpp">
      <Filter>Source Files</Filter>
    </ClCompile>
    <ClCompile Include="..\libclamav\c++\llvm\lib\CodeGen\LatencyPriorityQueue.cpp">
      <Filter>Source Files</Filter>
    </ClCompile>
    <ClCompile Include="..\libclamav\c++\llvm\lib\CodeGen\BranchFolding.cpp">
      <Filter>Source Files</Filter>
    </ClCompile>
    <ClCompile Include="..\libclamav\c++\llvm\lib\MC\MCStreamer.cpp">
      <Filter>Source Files</Filter>
    </ClCompile>
    <ClCompile Include="..\libclamav\c++\llvm\lib\Target\TargetFrameInfo.cpp">
      <Filter>Source Files</Filter>
    </ClCompile>
    <ClCompile Include="..\libclamav\c++\llvm\lib\Transforms\Scalar\GVN.cpp">
      <Filter>Source Files</Filter>
    </ClCompile>
    <ClCompile Include="..\libclamav\c++\llvm\lib\CodeGen\DwarfEHPrepare.cpp">
      <Filter>Source Files</Filter>
    </ClCompile>
    <ClCompile Include="..\libclamav\c++\llvm\lib\Analysis\MemoryDependenceAnalysis.cpp">
      <Filter>Source Files</Filter>
    </ClCompile>
    <ClCompile Include="..\libclamav\c++\llvm\lib\CodeGen\CalcSpillWeights.cpp">
      <Filter>Source Files</Filter>
    </ClCompile>
    <ClCompile Include="..\libclamav\c++\llvm\lib\CodeGen\RegisterScavenging.cpp">
      <Filter>Source Files</Filter>
    </ClCompile>
    <ClCompile Include="..\libclamav\c++\llvm\lib\CodeGen\SelectionDAG\LegalizeIntegerTypes.cpp">
      <Filter>Source Files</Filter>
    </ClCompile>
    <ClCompile Include="..\libclamav\c++\llvm\lib\CodeGen\RegAllocLinearScan.cpp">
      <Filter>Source Files</Filter>
    </ClCompile>
    <ClCompile Include="..\libclamav\c++\llvm\lib\CodeGen\SlotIndexes.cpp">
      <Filter>Source Files</Filter>
    </ClCompile>
    <ClCompile Include="..\libclamav\c++\llvm\lib\CodeGen\VirtRegMap.cpp">
      <Filter>Source Files</Filter>
    </ClCompile>
    <ClCompile Include="..\libclamav\c++\llvm\lib\Transforms\Scalar\CodeGenPrepare.cpp">
      <Filter>Source Files</Filter>
    </ClCompile>
    <ClCompile Include="..\libclamav\c++\llvm\lib\CodeGen\VirtRegRewriter.cpp">
      <Filter>Source Files</Filter>
    </ClCompile>
    <ClCompile Include="..\libclamav\c++\llvm\lib\CodeGen\PrologEpilogInserter.cpp">
      <Filter>Source Files</Filter>
    </ClCompile>
    <ClCompile Include="..\libclamav\c++\llvm\lib\Analysis\IVUsers.cpp">
      <Filter>Source Files</Filter>
    </ClCompile>
    <ClCompile Include="..\libclamav\c++\llvm\lib\MC\MCInst.cpp">
      <Filter>Source Files</Filter>
    </ClCompile>
    <ClCompile Include="..\libclamav\c++\llvm\lib\CodeGen\AsmPrinter\DwarfPrinter.cpp">
      <Filter>Source Files</Filter>
    </ClCompile>
    <ClCompile Include="..\libclamav\c++\llvm\lib\CodeGen\MachineCSE.cpp">
      <Filter>Source Files</Filter>
    </ClCompile>
    <ClCompile Include="..\libclamav\c++\llvm\lib\CodeGen\MachineDominators.cpp">
      <Filter>Source Files</Filter>
    </ClCompile>
  </ItemGroup>
</Project>