<?xml version="1.0" encoding="utf-8"?>
<Project ToolsVersion="4.0" xmlns="http://schemas.microsoft.com/developer/msbuild/2003">
  <ItemGroup>
    <Filter Include="Source Files">
      <UniqueIdentifier>{4FC737F1-C7A5-4376-A066-2A32D752A2FF}</UniqueIdentifier>
      <Extensions>cpp;c;cc;cxx;def;odl;idl;hpj;bat;asm;asmx</Extensions>
    </Filter>
  </ItemGroup>
  <ItemGroup>
    <ClCompile Include="..\libclamav\c++\llvm\lib\MC\MCAsmInfoCOFF.cpp">
      <Filter>Source Files</Filter>
    </ClCompile>
    <ClCompile Include="..\libclamav\c++\llvm\lib\Target\X86\X86AsmBackend.cpp">
      <Filter>Source Files</Filter>
    </ClCompile>
    <ClCompile Include="..\libclamav\c++\llvm\lib\Target\X86\X86ISelLowering.cpp">
      <Filter>Source Files</Filter>
    </ClCompile>
    <ClCompile Include="..\libclamav\c++\llvm\lib\Target\X86\X86FloatingPointRegKill.cpp">
      <Filter>Source Files</Filter>
    </ClCompile>
    <ClCompile Include="..\libclamav\c++\llvm\lib\MC\MCCodeEmitter.cpp">
      <Filter>Source Files</Filter>
    </ClCompile>
    <ClCompile Include="..\libclamav\c++\llvm\lib\Target\X86\X86FloatingPoint.cpp">
      <Filter>Source Files</Filter>
    </ClCompile>
    <ClCompile Include="..\libclamav\c++\llvm\lib\Target\X86\X86FastISel.cpp">
      <Filter>Source Files</Filter>
    </ClCompile>
    <ClCompile Include="..\libclamav\c++\llvm\lib\Target\X86\X86CodeEmitter.cpp">
      <Filter>Source Files</Filter>
    </ClCompile>
    <ClCompile Include="..\libclamav\c++\llvm\lib\MC\TargetAsmBackend.cpp">
      <Filter>Source Files</Filter>
    </ClCompile>
    <ClCompile Include="..\libclamav\c++\llvm\lib\Target\X86\X86RegisterInfo.cpp">
      <Filter>Source Files</Filter>
    </ClCompile>
    <ClCompile Include="..\libclamav\c++\llvm\lib\Target\X86\X86ELFWriterInfo.cpp">
      <Filter>Source Files</Filter>
    </ClCompile>
    <ClCompile Include="..\libclamav\c++\llvm\lib\Target\X86\X86JITInfo.cpp">
      <Filter>Source Files</Filter>
    </ClCompile>
    <ClCompile Include="..\libclamav\c++\llvm\lib\Target\TargetELFWriterInfo.cpp">
      <Filter>Source Files</Filter>
    </ClCompile>
    <ClCompile Include="..\libclamav\c++\llvm\lib\Target\X86\X86InstrInfo.cpp">
      <Filter>Source Files</Filter>
    </ClCompile>
    <ClCompile Include="..\libclamav\c++\llvm\lib\Target\X86\TargetInfo\X86TargetInfo.cpp">
      <Filter>Source Files</Filter>
    </ClCompile>
    <ClCompile Include="..\libclamav\c++\llvm\lib\Target\X86\X86ISelDAGToDAG.cpp">
      <Filter>Source Files</Filter>
    </ClCompile>
    <ClCompile Include="..\libclamav\c++\llvm\lib\Target\X86\X86MCCodeEmitter.cpp">
      <Filter>Source Files</Filter>
    </ClCompile>
    <ClCompile Include="..\libclamav\c++\llvm\lib\Target\X86\X86Subtarget.cpp">
      <Filter>Source Files</Filter>
    </ClCompile>
    <ClCompile Include="..\libclamav\c++\llvm\lib\Target\X86\X86COFFMachineModuleInfo.cpp">
      <Filter>Source Files</Filter>
    </ClCompile>
    <ClCompile Include="..\libclamav\c++\llvm\lib\Target\X86\X86MCAsmInfo.cpp">
      <Filter>Source Files</Filter>
    </ClCompile>
    <ClCompile Include="..\libclamav\c++\llvm\lib\Target\X86\X86MCTargetExpr.cpp">
      <Filter>Source Files</Filter>
    </ClCompile>
    <ClCompile Include="..\libclamav\c++\llvm\lib\Target\X86\X86TargetMachine.cpp">
      <Filter>Source Files</Filter>
    </ClCompile>
    <ClCompile Include="..\libclamav\c++\llvm\lib\Target\X86\X86TargetObjectFile.cpp">
      <Filter>Source Files</Filter>
    </ClCompile>
  </ItemGroup>
  <ItemGroup>
    <MASM Include="..\libclamav\c++\llvm\lib\Target\X86\X86CompilationCallback_Win64.asm">
      <Filter>Source Files</Filter>
    </MASM>
  </ItemGroup>
</Project>