<?xml version="1.0" encoding="utf-8"?>
<Project ToolsVersion="4.0" xmlns="http://schemas.microsoft.com/developer/msbuild/2003">
  <ItemGroup>
    <Filter Include="Source Files">
      <UniqueIdentifier>{4FC737F1-C7A5-4376-A066-2A32D752A2FF}</UniqueIdentifier>
      <Extensions>cpp;c;cc;cxx;def;odl;idl;hpj;bat;asm;asmx</Extensions>
    </Filter>
  </ItemGroup>
  <ItemGroup>
    <ClCompile Include="..\libclamav\c++\llvm\lib\System\Alarm.cpp">
      <Filter>Source Files</Filter>
    </ClCompile>
    <ClCompile Include="..\libclamav\c++\llvm\lib\System\Path.cpp">
      <Filter>Source Files</Filter>
    </ClCompile>
    <ClCompile Include="..\libclamav\c++\llvm\lib\System\ThreadLocal.cpp">
      <Filter>Source Files</Filter>
    </ClCompile>
    <ClCompile Include="..\libclamav\c++\llvm\lib\System\Memory.cpp">
      <Filter>Source Files</Filter>
    </ClCompile>
    <ClCompile Include="..\libclamav\c++\llvm\lib\System\TimeValue.cpp">
      <Filter>Source Files</Filter>
    </ClCompile>
    <ClCompile Include="..\libclamav\c++\llvm\lib\System\Disassembler.cpp">
      <Filter>Source Files</Filter>
    </ClCompile>
    <ClCompile Include="..\libclamav\c++\llvm\lib\System\Signals.cpp">
      <Filter>Source Files</Filter>
    </ClCompile>
    <ClCompile Include="..\libclamav\c++\llvm\lib\System\Process.cpp">
      <Filter>Source Files</Filter>
    </ClCompile>
    <ClCompile Include="..\libclamav\c++\llvm\lib\System\Mutex.cpp">
      <Filter>Source Files</Filter>
    </ClCompile>
    <ClCompile Include="..\libclamav\c++\llvm\lib\System\Threading.cpp">
      <Filter>Source Files</Filter>
    </ClCompile>
    <ClCompile Include="..\libclamav\c++\llvm\lib\System\IncludeFile.cpp">
      <Filter>Source Files</Filter>
    </ClCompile>
    <ClCompile Include="..\libclamav\c++\llvm\lib\System\Errno.cpp">
      <Filter>Source Files</Filter>
    </ClCompile>
    <ClCompile Include="..\libclamav\c++\llvm\lib\System\DynamicLibrary.cpp">
      <Filter>Source Files</Filter>
    </ClCompile>
    <ClCompile Include="..\libclamav\c++\llvm\lib\System\Host.cpp">
      <Filter>Source Files</Filter>
    </ClCompile>
    <ClCompile Include="..\libclamav\c++\llvm\lib\System\RWMutex.cpp">
      <Filter>Source Files</Filter>
    </ClCompile>
    <ClCompile Include="..\libclamav\c++\llvm\lib\System\Program.cpp">
      <Filter>Source Files</Filter>
    </ClCompile>
    <ClCompile Include="..\libclamav\c++\llvm\lib\System\Atomic.cpp">
      <Filter>Source Files</Filter>
    </ClCompile>
  </ItemGroup>
</Project>