<?xml version="1.0" encoding="utf-8"?>
<Project ToolsVersion="4.0" xmlns="http://schemas.microsoft.com/developer/msbuild/2003">
  <ItemGroup>
    <Filter Include="Source Files">
      <UniqueIdentifier>{4FC737F1-C7A5-4376-A066-2A32D752A2FF}</UniqueIdentifier>
      <Extensions>cpp;c;cc;cxx;def;odl;idl;hpj;bat;asm;asmx</Extensions>
    </Filter>
  </ItemGroup>
  <ItemGroup>
    <ClCompile Include="..\libclamav\c++\llvm\lib\Analysis\AliasAnalysis.cpp">
      <Filter>Source Files</Filter>
    </ClCompile>
    <ClCompile Include="..\libclamav\c++\llvm\lib\ExecutionEngine\JIT\JIT.cpp">
      <Filter>Source Files</Filter>
    </ClCompile>
    <ClCompile Include="..\libclamav\c++\llvm\lib\CodeGen\MachineFunction.cpp">
      <Filter>Source Files</Filter>
    </ClCompile>
    <ClCompile Include="..\libclamav\c++\llvm\lib\Support\SmallVector.cpp">
      <Filter>Source Files</Filter>
    </ClCompile>
    <ClCompile Include="..\libclamav\c++\llvm\lib\MC\MCSymbol.cpp">
      <Filter>Source Files</Filter>
    </ClCompile>
    <ClCompile Include="..\libclamav\c++\llvm\lib\VMCore\IRBuilder.cpp">
      <Filter>Source Files</Filter>
    </ClCompile>
    <ClCompile Include="..\libclamav\c++\llvm\lib\Support\PrettyStackTrace.cpp">
      <Filter>Source Files</Filter>
    </ClCompile>
    <ClCompile Include="..\libclamav\c++\llvm\lib\Support\Triple.cpp">
      <Filter>Source Files</Filter>
    </ClCompile>
    <ClCompile Include="..\libclamav\c++\llvm\lib\VMCore\Instruction.cpp">
      <Filter>Source Files</Filter>
    </ClCompile>
    <ClCompile Include="..\libclamav\c++\llvm\lib\VMCore\Value.cpp">
      <Filter>Source Files</Filter>
    </ClCompile>
    <ClCompile Include="..\libclamav\c++\llvm\lib\VMCore\ValueTypes.cpp">
      <Filter>Source Files</Filter>
    </ClCompile>
    <ClCompile Include="..\libclamav\c++\llvm\lib\Support\SourceMgr.cpp">
      <Filter>Source Files</Filter>
    </ClCompile>
    <ClCompile Include="..\libclamav\c++\llvm\lib\VMCore\IntrinsicInst.cpp">
      <Filter>Source Files</Filter>
    </ClCompile>
    <ClCompile Include="..\libclamav\c++\llvm\lib\Analysis\PointerTracking.cpp">
      <Filter>Source Files</Filter>
    </ClCompile>
    <ClCompile Include="..\libclamav\c++\llvm\lib\ExecutionEngine\ExecutionEngine.cpp">
      <Filter>Source Files</Filter>
    </ClCompile>
    <ClCompile Include="..\libclamav\c++\llvm\lib\ExecutionEngine\JIT\JITMemoryManager.cpp">
      <Filter>Source Files</Filter>
    </ClCompile>
    <ClCompile Include="..\libclamav\c++\llvm\lib\Support\APInt.cpp">
      <Filter>Source Files</Filter>
    </ClCompile>
    <ClCompile Include="..\libclamav\c++\llvm\lib\Target\TargetLoweringObjectFile.cpp">
      <Filter>Source Files</Filter>
    </ClCompile>
    <ClCompile Include="..\libclamav\c++\llvm\lib\Analysis\IPA\CallGraph.cpp">
      <Filter>Source Files</Filter>
    </ClCompile>
    <ClCompile Include="..\libclamav\c++\llvm\lib\Support\GraphWriter.cpp">
      <Filter>Source Files</Filter>
    </ClCompile>
    <ClCompile Include="..\libclamav\c++\llvm\lib\VMCore\LLVMContext.cpp">
      <Filter>Source Files</Filter>
    </ClCompile>
    <ClCompile Include="..\libclamav\c++\llvm\lib\Support\ConstantRange.cpp">
      <Filter>Source Files</Filter>
    </ClCompile>
    <ClCompile Include="..\libclamav\c++\llvm\lib\VMCore\Globals.cpp">
      <Filter>Source Files</Filter>
    </ClCompile>
    <ClCompile Include="..\libclamav\c++\llvm\lib\MC\MCSection.cpp">
      <Filter>Source Files</Filter>
    </ClCompile>
    <ClCompile Include="..\libclamav\c++\llvm\lib\VMCore\ValueSymbolTable.cpp">
      <Filter>Source Files</Filter>
    </ClCompile>
    <ClCompile Include="..\libclamav\c++\llvm\lib\Analysis\CaptureTracking.cpp">
      <Filter>Source Files</Filter>
    </ClCompile>
    <ClCompile Include="..\libclamav\c++\llvm\lib\VMCore\Function.cpp">
      <Filter>Source Files</Filter>
    </ClCompile>
    <ClCompile Include="..\libclamav\c++\llvm\lib\ExecutionEngine\JIT\JITEmitter.cpp">
      <Filter>Source Files</Filter>
    </ClCompile>
    <ClCompile Include="..\libclamav\c++\llvm\lib\ExecutionEngine\JIT\TargetSelect.cpp">
      <Filter>Source Files</Filter>
    </ClCompile>
    <ClCompile Include="..\libclamav\c++\llvm\lib\VMCore\Use.cpp">
      <Filter>Source Files</Filter>
    </ClCompile>
    <ClCompile Include="..\libclamav\c++\llvm\lib\Target\SubtargetFeature.cpp">
      <Filter>Source Files</Filter>
    </ClCompile>
    <ClCompile Include="..\libclamav\c++\llvm\lib\Support\ManagedStatic.cpp">
      <Filter>Source Files</Filter>
    </ClCompile>
    <ClCompile Include="..\libclamav\c++\llvm\lib\VMCore\LLVMContextImpl.cpp">
      <Filter>Source Files</Filter>
    </ClCompile>
    <ClCompile Include="..\libclamav\c++\llvm\lib\Support\Statistic.cpp">
      <Filter>Source Files</Filter>
    </ClCompile>
    <ClCompile Include="..\libclamav\c++\llvm\lib\Target\TargetInstrInfo.cpp">
      <Filter>Source Files</Filter>
    </ClCompile>
    <ClCompile Include="..\libclamav\c++\llvm\lib\VMCore\Metadata.cpp">
      <Filter>Source Files</Filter>
    </ClCompile>
    <ClCompile Include="..\libclamav\c++\llvm\lib\CodeGen\ObjectCodeEmitter.cpp">
      <Filter>Source Files</Filter>
    </ClCompile>
    <ClCompile Include="..\libclamav\c++\llvm\lib\Support\StringExtras.cpp">
      <Filter>Source Files</Filter>
    </ClCompile>
    <ClCompile Include="..\libclamav\c++\llvm\lib\CodeGen\MachineInstr.cpp">
      <Filter>Source Files</Filter>
    </ClCompile>
    <ClCompile Include="..\libclamav\c++\llvm\lib\VMCore\Pass.cpp">
      <Filter>Source Files</Filter>
    </ClCompile>
    <ClCompile Include="..\libclamav\c++\llvm\lib\Support\CommandLine.cpp">
      <Filter>Source Files</Filter>
    </ClCompile>
    <ClCompile Include="..\libclamav\c++\llvm\lib\VMCore\PassManager.cpp">
      <Filter>Source Files</Filter>
    </ClCompile>
    <ClCompile Include="..\libclamav\c++\llvm\lib\VMCore\AutoUpgrade.cpp">
      <Filter>Source Files</Filter>
    </ClCompile>
    <ClCompile Include="..\libclamav\c++\llvm\lib\CodeGen\MachineFunctionAnalysis.cpp">
      <Filter>Source Files</Filter>
    </ClCompile>
    <ClCompile Include="..\libclamav\c++\llvm\lib\Support\Allocator.cpp">
      <Filter>Source Files</Filter>
    </ClCompile>
    <ClCompile Include="..\libclamav\c++\llvm\lib\Support\StringMap.cpp">
      <Filter>Source Files</Filter>
    </ClCompile>
    <ClCompile Include="..\libclamav\c++\llvm\lib\MC\MCContext.cpp">
      <Filter>Source Files</Filter>
    </ClCompile>
    <ClCompile Include="..\libclamav\c++\llvm\lib\VMCore\Attributes.cpp">
      <Filter>Source Files</Filter>
    </ClCompile>
    <ClCompile Include="..\libclamav\c++\llvm\lib\Analysis\ValueTracking.cpp">
      <Filter>Source Files</Filter>
    </ClCompile>
    <ClCompile Include="..\libclamav\c++\llvm\lib\VMCore\GVMaterializer.cpp">
      <Filter>Source Files</Filter>
    </ClCompile>
    <ClCompile Include="..\libclamav\c++\llvm\lib\Analysis\MemoryBuiltins.cpp">
      <Filter>Source Files</Filter>
    </ClCompile>
    <ClCompile Include="..\libclamav\c++\llvm\lib\Support\APFloat.cpp">
      <Filter>Source Files</Filter>
    </ClCompile>
    <ClCompile Include="..\libclamav\c++\llvm\lib\VMCore\ConstantFold.cpp">
      <Filter>Source Files</Filter>
    </ClCompile>
    <ClCompile Include="..\libclamav\c++\llvm\lib\MC\MCExpr.cpp">
      <Filter>Source Files</Filter>
    </ClCompile>
    <ClCompile Include="..\libclamav\c++\llvm\lib\Target\TargetMachine.cpp">
      <Filter>Source Files</Filter>
    </ClCompile>
    <ClCompile Include="..\libclamav\c++\llvm\lib\VMCore\InlineAsm.cpp">
      <Filter>Source Files</Filter>
    </ClCompile>
    <ClCompile Include="..\libclamav\c++\llvm\lib\Support\circular_raw_ostream.cpp">
      <Filter>Source Files</Filter>
    </ClCompile>
    <ClCompile Include="..\libclamav\c++\llvm\lib\CodeGen\TargetInstrInfoImpl.cpp">
      <Filter>Source Files</Filter>
    </ClCompile>
    <ClCompile Include="..\libclamav\c++\llvm\lib\Support\Debug.cpp">
      <Filter>Source Files</Filter>
    </ClCompile>
    <ClCompile Include="..\libclamav\c++\llvm\lib\Target\Mangler.cpp">
      <Filter>Source Files</Filter>
    </ClCompile>
    <ClCompile Include="..\libclamav\c++\llvm\lib\Transforms\Scalar\DCE.cpp">
      <Filter>Source Files</Filter>
    </ClCompile>
    <ClCompile Include="..\libclamav\c++\llvm\lib\CodeGen\PseudoSourceValue.cpp">
      <Filter>Source Files</Filter>
    </ClCompile>
    <ClCompile Include="..\libclamav\c++\llvm\lib\Support\TargetRegistry.cpp">
      <Filter>Source Files</Filter>
    </ClCompile>
    <ClCompile Include="..\libclamav\c++\llvm\lib\VMCore\Verifier.cpp">
      <Filter>Source Files</Filter>
    </ClCompile>
    <ClCompile Include="..\libclamav\c++\llvm\lib\VMCore\LeakDetector.cpp">
      <Filter>Source Files</Filter>
    </ClCompile>
    <ClCompile Include="..\libclamav\c++\llvm\lib\Support\StringPool.cpp">
      <Filter>Source Files</Filter>
    </ClCompile>
    <ClCompile Include="..\libclamav\c++\llvm\lib\Target\TargetData.cpp">
      <Filter>Source Files</Filter>
    </ClCompile>
    <ClCompile Include="..\libclamav\c++\llvm\lib\ExecutionEngine\JIT\JITDwarfEmitter.cpp">
      <Filter>Source Files</Filter>
    </ClCompile>
    <ClCompile Include="..\libclamav\c++\llvm\lib\VMCore\Dominators.cpp">
      <Filter>Source Files</Filter>
    </ClCompile>
    <ClCompile Include="..\libclamav\c++\llvm\lib\Analysis\DebugInfo.cpp">
      <Filter>Source Files</Filter>
    </ClCompile>
    <ClCompile Include="..\libclamav\c++\llvm\lib\MC\MCAsmInfo.cpp">
      <Filter>Source Files</Filter>
    </ClCompile>
    <ClCompile Include="..\libclamav\c++\llvm\lib\Support\Dwarf.cpp">
      <Filter>Source Files</Filter>
    </ClCompile>
    <ClCompile Include="..\libclamav\c++\llvm\lib\CodeGen\MachineBasicBlock.cpp">
      <Filter>Source Files</Filter>
    </ClCompile>
    <ClCompile Include="..\libclamav\c++\llvm\lib\VMCore\Type.cpp">
      <Filter>Source Files</Filter>
    </ClCompile>
    <ClCompile Include="..\libclamav\c++\llvm\lib\CodeGen\ELFWriter.cpp">
      <Filter>Source Files</Filter>
    </ClCompile>
    <ClCompile Include="..\libclamav\c++\llvm\lib\VMCore\PrintModulePass.cpp">
      <Filter>Source Files</Filter>
    </ClCompile>
    <ClCompile Include="..\libclamav\c++\llvm\lib\VMCore\Module.cpp">
      <Filter>Source Files</Filter>
    </ClCompile>
    <ClCompile Include="..\libclamav\c++\llvm\lib\CodeGen\ELFCodeEmitter.cpp">
      <Filter>Source Files</Filter>
    </ClCompile>
    <ClCompile Include="..\libclamav\c++\llvm\lib\VMCore\BasicBlock.cpp">
      <Filter>Source Files</Filter>
    </ClCompile>
    <ClCompile Include="..\libclamav\c++\llvm\lib\Support\Timer.cpp">
      <Filter>Source Files</Filter>
    </ClCompile>
    <ClCompile Include="..\libclamav\c++\llvm\lib\ExecutionEngine\JIT\JITDebugRegisterer.cpp">
      <Filter>Source Files</Filter>
    </ClCompile>
    <ClCompile Include="..\libclamav\c++\llvm\lib\Support\FoldingSet.cpp">
      <Filter>Source Files</Filter>
    </ClCompile>
    <ClCompile Include="..\libclamav\c++\llvm\lib\Support\SmallPtrSet.cpp">
      <Filter>Source Files</Filter>
    </ClCompile>
    <ClCompile Include="..\libclamav\c++\llvm\lib\Analysis\BasicAliasAnalysis.cpp">
      <Filter>Source Files</Filter>
    </ClCompile>
    <ClCompile Include="..\libclamav\c++\llvm\lib\Support\MemoryBuffer.cpp">
      <Filter>Source Files</Filter>
    </ClCompile>
    <ClCompile Include="..\libclamav\c++\llvm\lib\VMCore\Instructions.cpp">
      <Filter>Source Files</Filter>
    </ClCompile>
    <ClCompile Include="..\libclamav\c++\llvm\lib\CodeGen\MachineRegisterInfo.cpp">
      <Filter>Source Files</Filter>
    </ClCompile>
    <ClCompile Include="..\libclamav\c++\llvm\lib\ExecutionEngine\JIT\OProfileJITEventListener.cpp">
      <Filter>Source Files</Filter>
    </ClCompile>
    <ClCompile Include="..\libclamav\c++\llvm\lib\ExecutionEngine\JIT\Intercept.cpp">
      <Filter>Source Files</Filter>
    </ClCompile>
    <ClCompile Include="..\libclamav\c++\llvm\lib\Target\TargetRegisterInfo.cpp">
      <Filter>Source Files</Filter>
    </ClCompile>
    <ClCompile Include="..\libclamav\c++\llvm\lib\Support\FormattedStream.cpp">
      <Filter>Source Files</Filter>
    </ClCompile>
    <ClCompile Include="..\libclamav\c++\llvm\lib\VMCore\Constants.cpp">
      <Filter>Source Files</Filter>
    </ClCompile>
    <ClCompile Include="..\libclamav\c++\llvm\lib\Support\raw_ostream.cpp">
      <Filter>Source Files</Filter>
    </ClCompile>
    <ClCompile Include="..\libclamav\c++\llvm\lib\VMCore\Core.cpp">
      <Filter>Source Files</Filter>
    </ClCompile>
    <ClCompile Include="..\libclamav\c++\llvm\lib\Support\ErrorHandling.cpp">
      <Filter>Source Files</Filter>
    </ClCompile>
    <ClCompile Include="..\libclamav\c++\llvm\lib\CodeGen\MachineFunctionPass.cpp">
      <Filter>Source Files</Filter>
    </ClCompile>
    <ClCompile Include="..\libclamav\c++\llvm\lib\MC\MCSectionELF.cpp">
      <Filter>Source Files</Filter>
    </ClCompile>
    <ClCompile Include="..\libclamav\c++\llvm\lib\Support\Twine.cpp">
      <Filter>Source Files</Filter>
    </ClCompile>
    <ClCompile Include="..\libclamav\c++\llvm\lib\VMCore\AsmWriter.cpp">
      <Filter>Source Files</Filter>
    </ClCompile>
    <ClCompile Include="..\libclamav\c++\llvm\lib\VMCore\TypeSymbolTable.cpp">
      <Filter>Source Files</Filter>
    </ClCompile>
    <ClCompile Include="..\libclamav\c++\llvm\lib\CodeGen\MachineModuleInfo.cpp">
      <Filter>Source Files</Filter>
    </ClCompile>
    <ClCompile Include="..\libclamav\c++\llvm\lib\Support\StringRef.cpp">
      <Filter>Source Files</Filter>
    </ClCompile>
  </ItemGroup>
</Project>