<?xml version="1.0" encoding="utf-8"?>
<Project ToolsVersion="4.0" xmlns="http://schemas.microsoft.com/developer/msbuild/2003">
  <ItemGroup>
    <Filter Include="Source Files">
      <UniqueIdentifier>{4FC737F1-C7A5-4376-A066-2A32D752A2FF}</UniqueIdentifier>
      <Extensions>cpp;c;cc;cxx;def;odl;idl;hpj;bat;asm;asmx</Extensions>
    </Filter>
    <Filter Include="Header Files">
      <UniqueIdentifier>{93995380-89BD-4b04-88EB-625FBE52EBFB}</UniqueIdentifier>
      <Extensions>h;hh;hpp;hxx;hm;inl;inc;xsd</Extensions>
    </Filter>
    <Filter Include="Resource Files">
      <UniqueIdentifier>{67DA6AB6-F800-4c08-8B7A-83BB121AAD01}</UniqueIdentifier>
      <Extensions>rc;ico;cur;bmp;dlg;rc2;rct;bin;rgs;gif;jpg;jpeg;jpe;resx;tiff;tif;png;wav;mfcribbon-ms</Extensions>
    </Filter>
  </ItemGroup>
  <ItemGroup>
    <ClCompile Include="..\libclammspack\mspack\cabc.c">
      <Filter>Source Files</Filter>
    </ClCompile>
    <ClCompile Include="..\libclammspack\mspack\cabd.c">
      <Filter>Source Files</Filter>
    </ClCompile>
    <ClCompile Include="..\libclammspack\mspack\chmc.c">
      <Filter>Source Files</Filter>
    </ClCompile>
    <ClCompile Include="..\libclammspack\mspack\chmd.c">
      <Filter>Source Files</Filter>
    </ClCompile>
    <ClCompile Include="..\libclammspack\mspack\crc32.c">
      <Filter>Source Files</Filter>
    </ClCompile>
    <ClCompile Include="..\libclammspack\mspack\hlpc.c">
      <Filter>Source Files</Filter>
    </ClCompile>
    <ClCompile Include="..\libclammspack\mspack\hlpd.c">
      <Filter>Source Files</Filter>
    </ClCompile>
    <ClCompile Include="..\libclammspack\mspack\kwajc.c">
      <Filter>Source Files</Filter>
    </ClCompile>
    <ClCompile Include="..\libclammspack\mspack\kwajd.c">
      <Filter>Source Files</Filter>
    </ClCompile>
    <ClCompile Include="..\libclammspack\mspack\litc.c">
      <Filter>Source Files</Filter>
    </ClCompile>
    <ClCompile Include="..\libclammspack\mspack\litd.c">
      <Filter>Source Files</Filter>
    </ClCompile>
    <ClCompile Include="..\libclammspack\mspack\lzssd.c">
      <Filter>Source Files</Filter>
    </ClCompile>
    <ClCompile Include="..\libclammspack\mspack\lzxc.c">
      <Filter>Source Files</Filter>
    </ClCompile>
    <ClCompile Include="..\libclammspack\mspack\lzxd.c">
      <Filter>Source Files</Filter>
    </ClCompile>
    <ClCompile Include="..\libclammspack\mspack\mszipc.c">
      <Filter>Source Files</Filter>
    </ClCompile>
    <ClCompile Include="..\libclammspack\mspack\mszipd.c">
      <Filter>Source Files</Filter>
    </ClCompile>
    <ClCompile Include="..\libclammspack\mspack\oabc.c">
      <Filter>Source Files</Filter>
    </ClCompile>
    <ClCompile Include="..\libclammspack\mspack\oabd.c">
      <Filter>Source Files</Filter>
    </ClCompile>
    <ClCompile Include="..\libclammspack\mspack\qtmd.c">
      <Filter>Source Files</Filter>
    </ClCompile>
    <ClCompile Include="..\libclammspack\mspack\system.c">
      <Filter>Source Files</Filter>
    </ClCompile>
    <ClCompile Include="..\libclammspack\mspack\szddc.c">
      <Filter>Source Files</Filter>
    </ClCompile>
    <ClCompile Include="..\libclammspack\mspack\szddd.c">
      <Filter>Source Files</Filter>
    </ClCompile>
  </ItemGroup>
  <ItemGroup>
    <ClInclude Include="..\libclammspack\mspack\cab.h">
      <Filter>Header Files</Filter>
    </ClInclude>
    <ClInclude Include="..\libclammspack\mspack\chm.h">
      <Filter>Header Files</Filter>
    </ClInclude>
    <ClInclude Include="..\libclammspack\mspack\crc32.h">
      <Filter>Header Files</Filter>
    </ClInclude>
    <ClInclude Include="..\libclammspack\mspack\des.h">
      <Filter>Header Files</Filter>
    </ClInclude>
    <ClInclude Include="..\libclammspack\mspack\hlp.h">
      <Filter>Header Files</Filter>
    </ClInclude>
    <ClInclude Include="..\libclammspack\mspack\kwaj.h">
      <Filter>Header Files</Filter>
    </ClInclude>
    <ClInclude Include="..\libclammspack\mspack\lit.h">
      <Filter>Header Files</Filter>
    </ClInclude>
    <ClInclude Include="..\libclammspack\mspack\lzss.h">
      <Filter>Header Files</Filter>
    </ClInclude>
    <ClInclude Include="..\libclammspack\mspack\lzx.h">
      <Filter>Header Files</Filter>
    </ClInclude>
    <ClInclude Include="..\libclammspack\mspack\mspack.h">
      <Filter>Header Files</Filter>
    </ClInclude>
    <ClInclude Include="..\libclammspack\mspack\mszip.h">
      <Filter>Header Files</Filter>
    </ClInclude>
    <ClInclude Include="..\libclammspack\mspack\oab.h">
      <Filter>Header Files</Filter>
    </ClInclude>
    <ClInclude Include="..\libclammspack\mspack\qtm.h">
      <Filter>Header Files</Filter>
    </ClInclude>
    <ClInclude Include="..\libclammspack\mspack\readbits.h">
      <Filter>Header Files</Filter>
    </ClInclude>
    <ClInclude Include="..\libclammspack\mspack\readhuff.h">
      <Filter>Header Files</Filter>
    </ClInclude>
    <ClInclude Include="..\libclammspack\mspack\sha.h">
      <Filter>Header Files</Filter>
    </ClInclude>
    <ClInclude Include="..\libclammspack\mspack\system.h">
      <Filter>Header Files</Filter>
    </ClInclude>
    <ClInclude Include="..\libclammspack\mspack\szdd.h">
      <Filter>Header Files</Filter>
    </ClInclude>
  </ItemGroup>
</Project>