# This file is automatically @generated by Cargo.
# It is not intended for manual editing.
version = 3

[[package]]
name = "byteorder"
version = "1.5.0"
source = "registry+https://github.com/rust-lang/crates.io-index"
checksum = "1fd0f2584146f6f2ef48085050886acf353beff7305ebd1ae69500e27c67f64b"

[[package]]
name = "cursor"
version = "2.3.0"
source = "registry+https://github.com/rust-lang/crates.io-index"
checksum = "a48749e67c8bd54d6d4b2a191afaf9bd9d656d22c0852698c990a354fb86fd2c"

[[package]]
name = "open_alz"
version = "0.1.0"
dependencies = [
 "byteorder",
 "cursor",
]
