// !$*UTF8*$!
{
	archiveVersion = 1;
	classes = {
	};
	objectVersion = 46;
	objects = {

/* Begin PBXBuildFile section */
		52ADB27A148676E700208F0E /* LICENSE in Resources */ = {isa = PBXBuildFile; fileRef = 52ADB279148676E700208F0E /* LICENSE */; };
		52ADB28014867AF400208F0E /* ClamAuth.c in Sources */ = {isa = PBXBuildFile; fileRef = 52ADB27F14867AF400208F0E /* ClamAuth.c */; };
/* End PBXBuildFile section */

/* Begin PBXFileReference section */
		32A4FEC30562C75700D090E7 /* Info.plist */ = {isa = PBXFileReference; lastKnownFileType = text.plist.xml; path = Info.plist; sourceTree = "<group>"; };
		32A4FEC40562C75800D090E7 /* ClamAuth.kext */ = {isa = PBXFileReference; explicitFileType = wrapper.cfbundle; includeInIndex = 0; path = ClamAuth.kext; sourceTree = BUILT_PRODUCTS_DIR; };
		52ADB279148676E700208F0E /* LICENSE */ = {isa = PBXFileReference; fileEncoding = 4; lastKnownFileType = text; path = LICENSE; sourceTree = "<group>"; };
		52ADB27F14867AF400208F0E /* ClamAuth.c */ = {isa = PBXFileReference; fileEncoding = 4; lastKnownFileType = sourcecode.c.c; path = ClamAuth.c; sourceTree = "<group>"; };
		E4C7A4390832568C00556BCE /* Kernel.framework */ = {isa = PBXFileReference; lastKnownFileType = wrapper.framework; name = Kernel.framework; path = /System/Library/Frameworks/Kernel.framework; sourceTree = "<absolute>"; };
/* End PBXFileReference section */

/* Begin PBXFrameworksBuildPhase section */
		32A4FEBF0562C75700D090E7 /* Frameworks */ = {
			isa = PBXFrameworksBuildPhase;
			buildActionMask = 2147483647;
			files = (
			);
			runOnlyForDeploymentPostprocessing = 0;
		};
/* End PBXFrameworksBuildPhase section */

/* Begin PBXGroup section */
		089C166AFE841209C02AAC07 /* KauthORama */ = {
			isa = PBXGroup;
			children = (
				52ADB27F14867AF400208F0E /* ClamAuth.c */,
				52ADB279148676E700208F0E /* LICENSE */,
				32A4FEC30562C75700D090E7 /* Info.plist */,
				E4C7A4390832568C00556BCE /* Kernel.framework */,
				19C28FB6FE9D52B211CA2CBB /* Products */,
			);
			name = KauthORama;
			sourceTree = "<group>";
		};
		19C28FB6FE9D52B211CA2CBB /* Products */ = {
			isa = PBXGroup;
			children = (
				32A4FEC40562C75800D090E7 /* ClamAuth.kext */,
			);
			name = Products;
			sourceTree = "<group>";
		};
/* End PBXGroup section */

/* Begin PBXHeadersBuildPhase section */
		32A4FEBA0562C75700D090E7 /* Headers */ = {
			isa = PBXHeadersBuildPhase;
			buildActionMask = 2147483647;
			files = (
			);
			runOnlyForDeploymentPostprocessing = 0;
		};
/* End PBXHeadersBuildPhase section */

/* Begin PBXNativeTarget section */
		32A4FEB80562C75700D090E7 /* ClamAuth */ = {
			isa = PBXNativeTarget;
			buildConfigurationList = E40CF0E60890089400F3BED8 /* Build configuration list for PBXNativeTarget "ClamAuth" */;
			buildPhases = (
				32A4FEB90562C75700D090E7 /* ShellScript */,
				32A4FEBA0562C75700D090E7 /* Headers */,
				32A4FEBB0562C75700D090E7 /* Resources */,
				32A4FEBD0562C75700D090E7 /* Sources */,
				32A4FEBF0562C75700D090E7 /* Frameworks */,
				32A4FEC00562C75700D090E7 /* Rez */,
				32A4FEC10562C75700D090E7 /* ShellScript */,
			);
			buildRules = (
			);
			dependencies = (
			);
			name = ClamAuth;
			productInstallPath = "$(SYSTEM_LIBRARY_DIR)/Extensions";
			productName = KauthORama;
			productReference = 32A4FEC40562C75800D090E7 /* ClamAuth.kext */;
			productType = "com.apple.product-type.kernel-extension";
		};
/* End PBXNativeTarget section */

/* Begin PBXProject section */
		089C1669FE841209C02AAC07 /* Project object */ = {
			isa = PBXProject;
			attributes = {
				LastUpgradeCheck = 0420;
			};
			buildConfigurationList = E40CF0EA0890089400F3BED8 /* Build configuration list for PBXProject "ClamAuth" */;
			compatibilityVersion = "Xcode 3.2";
			developmentRegion = English;
			hasScannedForEncodings = 1;
			knownRegions = (
				en,
			);
			mainGroup = 089C166AFE841209C02AAC07 /* KauthORama */;
			projectDirPath = "";
			projectRoot = "";
			targets = (
				32A4FEB80562C75700D090E7 /* ClamAuth */,
			);
		};
/* End PBXProject section */

/* Begin PBXResourcesBuildPhase section */
		32A4FEBB0562C75700D090E7 /* Resources */ = {
			isa = PBXResourcesBuildPhase;
			buildActionMask = 2147483647;
			files = (
				52ADB27A148676E700208F0E /* LICENSE in Resources */,
			);
			runOnlyForDeploymentPostprocessing = 0;
		};
/* End PBXResourcesBuildPhase section */

/* Begin PBXRezBuildPhase section */
		32A4FEC00562C75700D090E7 /* Rez */ = {
			isa = PBXRezBuildPhase;
			buildActionMask = 2147483647;
			files = (
			);
			runOnlyForDeploymentPostprocessing = 0;
		};
/* End PBXRezBuildPhase section */

/* Begin PBXShellScriptBuildPhase section */
		32A4FEB90562C75700D090E7 /* ShellScript */ = {
			isa = PBXShellScriptBuildPhase;
			buildActionMask = 2147483647;
			files = (
			);
			runOnlyForDeploymentPostprocessing = 0;
			shellPath = /bin/sh;
			shellScript = "script=\"${SYSTEM_DEVELOPER_DIR}/ProjectBuilder Extras/Kernel Extension Support/KEXTPreprocess\";\nif [ -x \"$script\" ]; then\n    . \"$script\"\nfi";
		};
		32A4FEC10562C75700D090E7 /* ShellScript */ = {
			isa = PBXShellScriptBuildPhase;
			buildActionMask = 2147483647;
			files = (
			);
			runOnlyForDeploymentPostprocessing = 0;
			shellPath = /bin/sh;
			shellScript = "script=\"${SYSTEM_DEVELOPER_DIR}/ProjectBuilder Extras/Kernel Extension Support/KEXTPostprocess\";\nif [ -x \"$script\" ]; then\n    . \"$script\"\nfi";
		};
/* End PBXShellScriptBuildPhase section */

/* Begin PBXSourcesBuildPhase section */
		32A4FEBD0562C75700D090E7 /* Sources */ = {
			isa = PBXSourcesBuildPhase;
			buildActionMask = 2147483647;
			files = (
				52ADB28014867AF400208F0E /* ClamAuth.c in Sources */,
			);
			runOnlyForDeploymentPostprocessing = 0;
		};
/* End PBXSourcesBuildPhase section */

/* Begin XCBuildConfiguration section */
		E40CF0E70890089400F3BED8 /* Debug */ = {
			isa = XCBuildConfiguration;
			buildSettings = {
				INFOPLIST_FILE = Info.plist;
				MODULE_NAME = com.apple.dts.kext.ClamAuth;
				MODULE_START = com_apple_dts_kext_ClamAuth_start;
				MODULE_STOP = com_apple_dts_kext_ClamAuth_stop;
				MODULE_VERSION = 0.1;
				PRODUCT_NAME = ClamAuth;
				WRAPPER_EXTENSION = kext;
			};
			name = Debug;
		};
		E40CF0E80890089400F3BED8 /* Release */ = {
			isa = XCBuildConfiguration;
			buildSettings = {
				INFOPLIST_FILE = Info.plist;
				MODULE_NAME = com.apple.dts.kext.ClamAuth;
				MODULE_START = com_apple_dts_kext_ClamAuth_start;
				MODULE_STOP = com_apple_dts_kext_ClamAuth_stop;
				MODULE_VERSION = 0.1;
				PRODUCT_NAME = ClamAuth;
				WRAPPER_EXTENSION = kext;
			};
			name = Release;
		};
		E40CF0EB0890089400F3BED8 /* Debug */ = {
			isa = XCBuildConfiguration;
			buildSettings = {
				ARCHS = "$(ARCHS_STANDARD_32_64_BIT)";
				COPY_PHASE_STRIP = NO;
				GCC_DYNAMIC_NO_PIC = NO;
				GCC_GENERATE_DEBUGGING_SYMBOLS = YES;
				GCC_OPTIMIZATION_LEVEL = 0;
				GCC_TREAT_WARNINGS_AS_ERRORS = NO;
				GCC_WARN_ABOUT_MISSING_PROTOTYPES = YES;
				GCC_WARN_MISSING_PARENTHESES = YES;
				GCC_WARN_SIGN_COMPARE = YES;
				GCC_WARN_UNUSED_FUNCTION = YES;
				GCC_WARN_UNUSED_LABEL = YES;
				GCC_WARN_UNUSED_PARAMETER = YES;
				GCC_WARN_UNUSED_VALUE = YES;
				GCC_WARN_UNUSED_VARIABLE = YES;
				MACOSX_DEPLOYMENT_TARGET = 10.5;
				SDKROOT = macosx10.7;
				WARNING_CFLAGS = "-Wall";
			};
			name = Debug;
		};
		E40CF0EC0890089400F3BED8 /* Release */ = {
			isa = XCBuildConfiguration;
			buildSettings = {
				ARCHS = "$(ARCHS_STANDARD_32_64_BIT)";
				COPY_PHASE_STRIP = YES;
				GCC_DYNAMIC_NO_PIC = NO;
				GCC_GENERATE_DEBUGGING_SYMBOLS = YES;
				GCC_OPTIMIZATION_LEVEL = s;
				GCC_TREAT_WARNINGS_AS_ERRORS = NO;
				GCC_WARN_ABOUT_MISSING_PROTOTYPES = YES;
				GCC_WARN_MISSING_PARENTHESES = YES;
				GCC_WARN_SIGN_COMPARE = YES;
				GCC_WARN_UNUSED_FUNCTION = YES;
				GCC_WARN_UNUSED_LABEL = YES;
				GCC_WARN_UNUSED_PARAMETER = YES;
				GCC_WARN_UNUSED_VALUE = YES;
				GCC_WARN_UNUSED_VARIABLE = YES;
				MACOSX_DEPLOYMENT_TARGET = 10.5;
				SDKROOT = macosx10.7;
				WARNING_CFLAGS = "-Wall";
			};
			name = Release;
		};
/* End XCBuildConfiguration section */

/* Begin XCConfigurationList section */
		E40CF0E60890089400F3BED8 /* Build configuration list for PBXNativeTarget "ClamAuth" */ = {
			isa = XCConfigurationList;
			buildConfigurations = (
				E40CF0E70890089400F3BED8 /* Debug */,
				E40CF0E80890089400F3BED8 /* Release */,
			);
			defaultConfigurationIsVisible = 0;
			defaultConfigurationName = Debug;
		};
		E40CF0EA0890089400F3BED8 /* Build configuration list for PBXProject "ClamAuth" */ = {
			isa = XCConfigurationList;
			buildConfigurations = (
				E40CF0EB0890089400F3BED8 /* Debug */,
				E40CF0EC0890089400F3BED8 /* Release */,
			);
			defaultConfigurationIsVisible = 0;
			defaultConfigurationName = Debug;
		};
/* End XCConfigurationList section */
	};
	rootObject = 089C1669FE841209C02AAC07 /* Project object */;
}
